// !$*UTF8*$!
{
	archiveVersion = 1;
	classes = {
	};
	objectVersion = 50;
	objects = {

/* Begin PBXBuildFile section */
		957530D3234C281300229B3E /* Localizable.strings in Resources */ = {isa = PBXBuildFile; fileRef = 957530D5234C281300229B3E /* Localizable.strings */; };
		95B434CC234BC7B300226F55 /* AppDelegate.swift in Sources */ = {isa = PBXBuildFile; fileRef = 95B434CB234BC7B300226F55 /* AppDelegate.swift */; };
		95B434CE234BC7B300226F55 /* SceneDelegate.swift in Sources */ = {isa = PBXBuildFile; fileRef = 95B434CD234BC7B300226F55 /* SceneDelegate.swift */; };
		95B434D0234BC7B300226F55 /* ConversionViewController.swift in Sources */ = {isa = PBXBuildFile; fileRef = 95B434CF234BC7B300226F55 /* ConversionViewController.swift */; };
		95B434D3234BC7B300226F55 /* Main.storyboard in Resources */ = {isa = PBXBuildFile; fileRef = 95B434D1234BC7B300226F55 /* Main.storyboard */; };
		95B434D5234BC7B400226F55 /* Assets.xcassets in Resources */ = {isa = PBXBuildFile; fileRef = 95B434D4234BC7B400226F55 /* Assets.xcassets */; };
		95B434D8234BC7B400226F55 /* LaunchScreen.storyboard in Resources */ = {isa = PBXBuildFile; fileRef = 95B434D6234BC7B400226F55 /* LaunchScreen.storyboard */; };
		95B434E3234BC7B400226F55 /* WorldTrotterTests.swift in Sources */ = {isa = PBXBuildFile; fileRef = 95B434E2234BC7B400226F55 /* WorldTrotterTests.swift */; };
		95B434EE234BC7B400226F55 /* WorldTrotterUITests.swift in Sources */ = {isa = PBXBuildFile; fileRef = 95B434ED234BC7B400226F55 /* WorldTrotterUITests.swift */; };
		95B434FC234BD0B900226F55 /* MapViewController.swift in Sources */ = {isa = PBXBuildFile; fileRef = 95B434FB234BD0B900226F55 /* MapViewController.swift */; };
/* End PBXBuildFile section */

/* Begin PBXContainerItemProxy section */
		95B434DF234BC7B400226F55 /* PBXContainerItemProxy */ = {
			isa = PBXContainerItemProxy;
			containerPortal = 95B434C0234BC7B300226F55 /* Project object */;
			proxyType = 1;
			remoteGlobalIDString = 95B434C7234BC7B300226F55;
			remoteInfo = WorldTrotter;
		};
		95B434EA234BC7B400226F55 /* PBXContainerItemProxy */ = {
			isa = PBXContainerItemProxy;
			containerPortal = 95B434C0234BC7B300226F55 /* Project object */;
			proxyType = 1;
			remoteGlobalIDString = 95B434C7234BC7B300226F55;
			remoteInfo = WorldTrotter;
		};
/* End PBXContainerItemProxy section */

/* Begin PBXFileReference section */
		957530D4234C281300229B3E /* en */ = {isa = PBXFileReference; lastKnownFileType = text.plist.strings; name = en; path = en.lproj/Localizable.strings; sourceTree = "<group>"; };
		957530D6234C282800229B3E /* es */ = {isa = PBXFileReference; lastKnownFileType = text.plist.strings; name = es; path = es.lproj/Localizable.strings; sourceTree = "<group>"; };
		95B434C8234BC7B300226F55 /* WorldTrotter.app */ = {isa = PBXFileReference; explicitFileType = wrapper.application; includeInIndex = 0; path = WorldTrotter.app; sourceTree = BUILT_PRODUCTS_DIR; };
		95B434CB234BC7B300226F55 /* AppDelegate.swift */ = {isa = PBXFileReference; lastKnownFileType = sourcecode.swift; path = AppDelegate.swift; sourceTree = "<group>"; };
		95B434CD234BC7B300226F55 /* SceneDelegate.swift */ = {isa = PBXFileReference; lastKnownFileType = sourcecode.swift; path = SceneDelegate.swift; sourceTree = "<group>"; };
		95B434CF234BC7B300226F55 /* ConversionViewController.swift */ = {isa = PBXFileReference; lastKnownFileType = sourcecode.swift; path = ConversionViewController.swift; sourceTree = "<group>"; };
		95B434D2234BC7B300226F55 /* Base */ = {isa = PBXFileReference; lastKnownFileType = file.storyboard; name = Base; path = Base.lproj/Main.storyboard; sourceTree = "<group>"; };
		95B434D4234BC7B400226F55 /* Assets.xcassets */ = {isa = PBXFileReference; lastKnownFileType = folder.assetcatalog; path = Assets.xcassets; sourceTree = "<group>"; };
		95B434D7234BC7B400226F55 /* Base */ = {isa = PBXFileReference; lastKnownFileType = file.storyboard; name = Base; path = Base.lproj/LaunchScreen.storyboard; sourceTree = "<group>"; };
		95B434D9234BC7B400226F55 /* Info.plist */ = {isa = PBXFileReference; lastKnownFileType = text.plist.xml; path = Info.plist; sourceTree = "<group>"; };
		95B434DE234BC7B400226F55 /* WorldTrotterTests.xctest */ = {isa = PBXFileReference; explicitFileType = wrapper.cfbundle; includeInIndex = 0; path = WorldTrotterTests.xctest; sourceTree = BUILT_PRODUCTS_DIR; };
		95B434E2234BC7B400226F55 /* WorldTrotterTests.swift */ = {isa = PBXFileReference; lastKnownFileType = sourcecode.swift; path = WorldTrotterTests.swift; sourceTree = "<group>"; };
		95B434E4234BC7B400226F55 /* Info.plist */ = {isa = PBXFileReference; lastKnownFileType = text.plist.xml; path = Info.plist; sourceTree = "<group>"; };
		95B434E9234BC7B400226F55 /* WorldTrotterUITests.xctest */ = {isa = PBXFileReference; explicitFileType = wrapper.cfbundle; includeInIndex = 0; path = WorldTrotterUITests.xctest; sourceTree = BUILT_PRODUCTS_DIR; };
		95B434ED234BC7B400226F55 /* WorldTrotterUITests.swift */ = {isa = PBXFileReference; lastKnownFileType = sourcecode.swift; path = WorldTrotterUITests.swift; sourceTree = "<group>"; };
		95B434EF234BC7B400226F55 /* Info.plist */ = {isa = PBXFileReference; lastKnownFileType = text.plist.xml; path = Info.plist; sourceTree = "<group>"; };
		95B434FB234BD0B900226F55 /* MapViewController.swift */ = {isa = PBXFileReference; lastKnownFileType = sourcecode.swift; path = MapViewController.swift; sourceTree = "<group>"; };
		95B43501234C224900226F55 /* es */ = {isa = PBXFileReference; lastKnownFileType = text.plist.strings; name = es; path = es.lproj/Main.strings; sourceTree = "<group>"; };
		95B43503234C225700226F55 /* en */ = {isa = PBXFileReference; lastKnownFileType = text.plist.strings; name = en; path = en.lproj/Main.strings; sourceTree = "<group>"; };
/* End PBXFileReference section */

/* Begin PBXFrameworksBuildPhase section */
		95B434C5234BC7B300226F55 /* Frameworks */ = {
			isa = PBXFrameworksBuildPhase;
			buildActionMask = 2147483647;
			files = (
			);
			runOnlyForDeploymentPostprocessing = 0;
		};
		95B434DB234BC7B400226F55 /* Frameworks */ = {
			isa = PBXFrameworksBuildPhase;
			buildActionMask = 2147483647;
			files = (
			);
			runOnlyForDeploymentPostprocessing = 0;
		};
		95B434E6234BC7B400226F55 /* Frameworks */ = {
			isa = PBXFrameworksBuildPhase;
			buildActionMask = 2147483647;
			files = (
			);
			runOnlyForDeploymentPostprocessing = 0;
		};
/* End PBXFrameworksBuildPhase section */

/* Begin PBXGroup section */
		95B434BF234BC7B300226F55 = {
			isa = PBXGroup;
			children = (
				95B434CA234BC7B300226F55 /* WorldTrotter */,
				95B434E1234BC7B400226F55 /* WorldTrotterTests */,
				95B434EC234BC7B400226F55 /* WorldTrotterUITests */,
				95B434C9234BC7B300226F55 /* Products */,
			);
			sourceTree = "<group>";
		};
		95B434C9234BC7B300226F55 /* Products */ = {
			isa = PBXGroup;
			children = (
				95B434C8234BC7B300226F55 /* WorldTrotter.app */,
				95B434DE234BC7B400226F55 /* WorldTrotterTests.xctest */,
				95B434E9234BC7B400226F55 /* WorldTrotterUITests.xctest */,
			);
			name = Products;
			sourceTree = "<group>";
		};
		95B434CA234BC7B300226F55 /* WorldTrotter */ = {
			isa = PBXGroup;
			children = (
				95B434CB234BC7B300226F55 /* AppDelegate.swift */,
				95B434CD234BC7B300226F55 /* SceneDelegate.swift */,
				95B434CF234BC7B300226F55 /* ConversionViewController.swift */,
				95B434FB234BD0B900226F55 /* MapViewController.swift */,
				957530D5234C281300229B3E /* Localizable.strings */,
				95B434D1234BC7B300226F55 /* Main.storyboard */,
				95B434D4234BC7B400226F55 /* Assets.xcassets */,
				95B434D6234BC7B400226F55 /* LaunchScreen.storyboard */,
				95B434D9234BC7B400226F55 /* Info.plist */,
			);
			path = WorldTrotter;
			sourceTree = "<group>";
		};
		95B434E1234BC7B400226F55 /* WorldTrotterTests */ = {
			isa = PBXGroup;
			children = (
				95B434E2234BC7B400226F55 /* WorldTrotterTests.swift */,
				95B434E4234BC7B400226F55 /* Info.plist */,
			);
			path = WorldTrotterTests;
			sourceTree = "<group>";
		};
		95B434EC234BC7B400226F55 /* WorldTrotterUITests */ = {
			isa = PBXGroup;
			children = (
				95B434ED234BC7B400226F55 /* WorldTrotterUITests.swift */,
				95B434EF234BC7B400226F55 /* Info.plist */,
			);
			path = WorldTrotterUITests;
			sourceTree = "<group>";
		};
/* End PBXGroup section */

/* Begin PBXNativeTarget section */
		95B434C7234BC7B300226F55 /* WorldTrotter */ = {
			isa = PBXNativeTarget;
			buildConfigurationList = 95B434F2234BC7B400226F55 /* Build configuration list for PBXNativeTarget "WorldTrotter" */;
			buildPhases = (
				95B434C4234BC7B300226F55 /* Sources */,
				95B434C5234BC7B300226F55 /* Frameworks */,
				95B434C6234BC7B300226F55 /* Resources */,
			);
			buildRules = (
			);
			dependencies = (
			);
			name = WorldTrotter;
			productName = WorldTrotter;
			productReference = 95B434C8234BC7B300226F55 /* WorldTrotter.app */;
			productType = "com.apple.product-type.application";
		};
		95B434DD234BC7B400226F55 /* WorldTrotterTests */ = {
			isa = PBXNativeTarget;
			buildConfigurationList = 95B434F5234BC7B400226F55 /* Build configuration list for PBXNativeTarget "WorldTrotterTests" */;
			buildPhases = (
				95B434DA234BC7B400226F55 /* Sources */,
				95B434DB234BC7B400226F55 /* Frameworks */,
				95B434DC234BC7B400226F55 /* Resources */,
			);
			buildRules = (
			);
			dependencies = (
				95B434E0234BC7B400226F55 /* PBXTargetDependency */,
			);
			name = WorldTrotterTests;
			productName = WorldTrotterTests;
			productReference = 95B434DE234BC7B400226F55 /* WorldTrotterTests.xctest */;
			productType = "com.apple.product-type.bundle.unit-test";
		};
		95B434E8234BC7B400226F55 /* WorldTrotterUITests */ = {
			isa = PBXNativeTarget;
			buildConfigurationList = 95B434F8234BC7B400226F55 /* Build configuration list for PBXNativeTarget "WorldTrotterUITests" */;
			buildPhases = (
				95B434E5234BC7B400226F55 /* Sources */,
				95B434E6234BC7B400226F55 /* Frameworks */,
				95B434E7234BC7B400226F55 /* Resources */,
			);
			buildRules = (
			);
			dependencies = (
				95B434EB234BC7B400226F55 /* PBXTargetDependency */,
			);
			name = WorldTrotterUITests;
			productName = WorldTrotterUITests;
			productReference = 95B434E9234BC7B400226F55 /* WorldTrotterUITests.xctest */;
			productType = "com.apple.product-type.bundle.ui-testing";
		};
/* End PBXNativeTarget section */

/* Begin PBXProject section */
		95B434C0234BC7B300226F55 /* Project object */ = {
			isa = PBXProject;
			attributes = {
				LastSwiftUpdateCheck = 1110;
				LastUpgradeCheck = 1110;
				ORGANIZATIONNAME = "Big Nerd Ranch";
				TargetAttributes = {
					95B434C7234BC7B300226F55 = {
						CreatedOnToolsVersion = 11.1;
					};
					95B434DD234BC7B400226F55 = {
						CreatedOnToolsVersion = 11.1;
						TestTargetID = 95B434C7234BC7B300226F55;
					};
					95B434E8234BC7B400226F55 = {
						CreatedOnToolsVersion = 11.1;
						TestTargetID = 95B434C7234BC7B300226F55;
					};
				};
			};
			buildConfigurationList = 95B434C3234BC7B300226F55 /* Build configuration list for PBXProject "WorldTrotter" */;
			compatibilityVersion = "Xcode 9.3";
			developmentRegion = en;
			hasScannedForEncodings = 0;
			knownRegions = (
				en,
				Base,
				es,
			);
			mainGroup = 95B434BF234BC7B300226F55;
			productRefGroup = 95B434C9234BC7B300226F55 /* Products */;
			projectDirPath = "";
			projectRoot = "";
			targets = (
				95B434C7234BC7B300226F55 /* WorldTrotter */,
				95B434DD234BC7B400226F55 /* WorldTrotterTests */,
				95B434E8234BC7B400226F55 /* WorldTrotterUITests */,
			);
		};
/* End PBXProject section */

/* Begin PBXResourcesBuildPhase section */
		95B434C6234BC7B300226F55 /* Resources */ = {
			isa = PBXResourcesBuildPhase;
			buildActionMask = 2147483647;
			files = (
				95B434D8234BC7B400226F55 /* LaunchScreen.storyboard in Resources */,
				957530D3234C281300229B3E /* Localizable.strings in Resources */,
				95B434D5234BC7B400226F55 /* Assets.xcassets in Resources */,
				95B434D3234BC7B300226F55 /* Main.storyboard in Resources */,
			);
			runOnlyForDeploymentPostprocessing = 0;
		};
		95B434DC234BC7B400226F55 /* Resources */ = {
			isa = PBXResourcesBuildPhase;
			buildActionMask = 2147483647;
			files = (
			);
			runOnlyForDeploymentPostprocessing = 0;
		};
		95B434E7234BC7B400226F55 /* Resources */ = {
			isa = PBXResourcesBuildPhase;
			buildActionMask = 2147483647;
			files = (
			);
			runOnlyForDeploymentPostprocessing = 0;
		};
/* End PBXResourcesBuildPhase section */

/* Begin PBXSourcesBuildPhase section */
		95B434C4234BC7B300226F55 /* Sources */ = {
			isa = PBXSourcesBuildPhase;
			buildActionMask = 2147483647;
			files = (
				95B434D0234BC7B300226F55 /* ConversionViewController.swift in Sources */,
				95B434CC234BC7B300226F55 /* AppDelegate.swift in Sources */,
				95B434CE234BC7B300226F55 /* SceneDelegate.swift in Sources */,
				95B434FC234BD0B900226F55 /* MapViewController.swift in Sources */,
			);
			runOnlyForDeploymentPostprocessing = 0;
		};
		95B434DA234BC7B400226F55 /* Sources */ = {
			isa = PBXSourcesBuildPhase;
			buildActionMask = 2147483647;
			files = (
				95B434E3234BC7B400226F55 /* WorldTrotterTests.swift in Sources */,
			);
			runOnlyForDeploymentPostprocessing = 0;
		};
		95B434E5234BC7B400226F55 /* Sources */ = {
			isa = PBXSourcesBuildPhase;
			buildActionMask = 2147483647;
			files = (
				95B434EE234BC7B400226F55 /* WorldTrotterUITests.swift in Sources */,
			);
			runOnlyForDeploymentPostprocessing = 0;
		};
/* End PBXSourcesBuildPhase section */

/* Begin PBXTargetDependency section */
		95B434E0234BC7B400226F55 /* PBXTargetDependency */ = {
			isa = PBXTargetDependency;
			target = 95B434C7234BC7B300226F55 /* WorldTrotter */;
			targetProxy = 95B434DF234BC7B400226F55 /* PBXContainerItemProxy */;
		};
		95B434EB234BC7B400226F55 /* PBXTargetDependency */ = {
			isa = PBXTargetDependency;
			target = 95B434C7234BC7B300226F55 /* WorldTrotter */;
			targetProxy = 95B434EA234BC7B400226F55 /* PBXContainerItemProxy */;
		};
/* End PBXTargetDependency section */

/* Begin PBXVariantGroup section */
		957530D5234C281300229B3E /* Localizable.strings */ = {
			isa = PBXVariantGroup;
			children = (
				957530D4234C281300229B3E /* en */,
				957530D6234C282800229B3E /* es */,
			);
			name = Localizable.strings;
			sourceTree = "<group>";
		};
		95B434D1234BC7B300226F55 /* Main.storyboard */ = {
			isa = PBXVariantGroup;
			children = (
				95B434D2234BC7B300226F55 /* Base */,
				95B43501234C224900226F55 /* es */,
				95B43503234C225700226F55 /* en */,
			);
			name = Main.storyboard;
			sourceTree = "<group>";
		};
		95B434D6234BC7B400226F55 /* LaunchScreen.storyboard */ = {
			isa = PBXVariantGroup;
			children = (
				95B434D7234BC7B400226F55 /* Base */,
			);
			name = LaunchScreen.storyboard;
			sourceTree = "<group>";
		};
/* End PBXVariantGroup section */

/* Begin XCBuildConfiguration section */
		95B434F0234BC7B400226F55 /* Debug */ = {
			isa = XCBuildConfiguration;
			buildSettings = {
				ALWAYS_SEARCH_USER_PATHS = NO;
				CLANG_ANALYZER_LOCALIZABILITY_NONLOCALIZED = YES;
				CLANG_ANALYZER_NONNULL = YES;
				CLANG_ANALYZER_NUMBER_OBJECT_CONVERSION = YES_AGGRESSIVE;
				CLANG_CXX_LANGUAGE_STANDARD = "gnu++14";
				CLANG_CXX_LIBRARY = "libc++";
				CLANG_ENABLE_MODULES = YES;
				CLANG_ENABLE_OBJC_ARC = YES;
				CLANG_ENABLE_OBJC_WEAK = YES;
				CLANG_WARN_BLOCK_CAPTURE_AUTORELEASING = YES;
				CLANG_WARN_BOOL_CONVERSION = YES;
				CLANG_WARN_COMMA = YES;
				CLANG_WARN_CONSTANT_CONVERSION = YES;
				CLANG_WARN_DEPRECATED_OBJC_IMPLEMENTATIONS = YES;
				CLANG_WARN_DIRECT_OBJC_ISA_USAGE = YES_ERROR;
				CLANG_WARN_DOCUMENTATION_COMMENTS = YES;
				CLANG_WARN_EMPTY_BODY = YES;
				CLANG_WARN_ENUM_CONVERSION = YES;
				CLANG_WARN_INFINITE_RECURSION = YES;
				CLANG_WARN_INT_CONVERSION = YES;
				CLANG_WARN_NON_LITERAL_NULL_CONVERSION = YES;
				CLANG_WARN_OBJC_IMPLICIT_RETAIN_SELF = YES;
				CLANG_WARN_OBJC_LITERAL_CONVERSION = YES;
				CLANG_WARN_OBJC_ROOT_CLASS = YES_ERROR;
				CLANG_WARN_RANGE_LOOP_ANALYSIS = YES;
				CLANG_WARN_STRICT_PROTOTYPES = YES;
				CLANG_WARN_SUSPICIOUS_MOVE = YES;
				CLANG_WARN_UNGUARDED_AVAILABILITY = YES_AGGRESSIVE;
				CLANG_WARN_UNREACHABLE_CODE = YES;
				CLANG_WARN__DUPLICATE_METHOD_MATCH = YES;
				COPY_PHASE_STRIP = NO;
				DEBUG_INFORMATION_FORMAT = dwarf;
				ENABLE_STRICT_OBJC_MSGSEND = YES;
				ENABLE_TESTABILITY = YES;
				GCC_C_LANGUAGE_STANDARD = gnu11;
				GCC_DYNAMIC_NO_PIC = NO;
				GCC_NO_COMMON_BLOCKS = YES;
				GCC_OPTIMIZATION_LEVEL = 0;
				GCC_PREPROCESSOR_DEFINITIONS = (
					"DEBUG=1",
					"$(inherited)",
				);
				GCC_WARN_64_TO_32_BIT_CONVERSION = YES;
				GCC_WARN_ABOUT_RETURN_TYPE = YES_ERROR;
				GCC_WARN_UNDECLARED_SELECTOR = YES;
				GCC_WARN_UNINITIALIZED_AUTOS = YES_AGGRESSIVE;
				GCC_WARN_UNUSED_FUNCTION = YES;
				GCC_WARN_UNUSED_VARIABLE = YES;
				IPHONEOS_DEPLOYMENT_TARGET = 13.1;
				MTL_ENABLE_DEBUG_INFO = INCLUDE_SOURCE;
				MTL_FAST_MATH = YES;
				ONLY_ACTIVE_ARCH = YES;
				SDKROOT = iphoneos;
				SWIFT_ACTIVE_COMPILATION_CONDITIONS = DEBUG;
				SWIFT_OPTIMIZATION_LEVEL = "-Onone";
			};
			name = Debug;
		};
		95B434F1234BC7B400226F55 /* Release */ = {
			isa = XCBuildConfiguration;
			buildSettings = {
				ALWAYS_SEARCH_USER_PATHS = NO;
				CLANG_ANALYZER_LOCALIZABILITY_NONLOCALIZED = YES;
				CLANG_ANALYZER_NONNULL = YES;
				CLANG_ANALYZER_NUMBER_OBJECT_CONVERSION = YES_AGGRESSIVE;
				CLANG_CXX_LANGUAGE_STANDARD = "gnu++14";
				CLANG_CXX_LIBRARY = "libc++";
				CLANG_ENABLE_MODULES = YES;
				CLANG_ENABLE_OBJC_ARC = YES;
				CLANG_ENABLE_OBJC_WEAK = YES;
				CLANG_WARN_BLOCK_CAPTURE_AUTORELEASING = YES;
				CLANG_WARN_BOOL_CONVERSION = YES;
				CLANG_WARN_COMMA = YES;
				CLANG_WARN_CONSTANT_CONVERSION = YES;
				CLANG_WARN_DEPRECATED_OBJC_IMPLEMENTATIONS = YES;
				CLANG_WARN_DIRECT_OBJC_ISA_USAGE = YES_ERROR;
				CLANG_WARN_DOCUMENTATION_COMMENTS = YES;
				CLANG_WARN_EMPTY_BODY = YES;
				CLANG_WARN_ENUM_CONVERSION = YES;
				CLANG_WARN_INFINITE_RECURSION = YES;
				CLANG_WARN_INT_CONVERSION = YES;
				CLANG_WARN_NON_LITERAL_NULL_CONVERSION = YES;
				CLANG_WARN_OBJC_IMPLICIT_RETAIN_SELF = YES;
				CLANG_WARN_OBJC_LITERAL_CONVERSION = YES;
				CLANG_WARN_OBJC_ROOT_CLASS = YES_ERROR;
				CLANG_WARN_RANGE_LOOP_ANALYSIS = YES;
				CLANG_WARN_STRICT_PROTOTYPES = YES;
				CLANG_WARN_SUSPICIOUS_MOVE = YES;
				CLANG_WARN_UNGUARDED_AVAILABILITY = YES_AGGRESSIVE;
				CLANG_WARN_UNREACHABLE_CODE = YES;
				CLANG_WARN__DUPLICATE_METHOD_MATCH = YES;
				COPY_PHASE_STRIP = NO;
				DEBUG_INFORMATION_FORMAT = "dwarf-with-dsym";
				ENABLE_NS_ASSERTIONS = NO;
				ENABLE_STRICT_OBJC_MSGSEND = YES;
				GCC_C_LANGUAGE_STANDARD = gnu11;
				GCC_NO_COMMON_BLOCKS = YES;
				GCC_WARN_64_TO_32_BIT_CONVERSION = YES;
				GCC_WARN_ABOUT_RETURN_TYPE = YES_ERROR;
				GCC_WARN_UNDECLARED_SELECTOR = YES;
				GCC_WARN_UNINITIALIZED_AUTOS = YES_AGGRESSIVE;
				GCC_WARN_UNUSED_FUNCTION = YES;
				GCC_WARN_UNUSED_VARIABLE = YES;
				IPHONEOS_DEPLOYMENT_TARGET = 13.1;
				MTL_ENABLE_DEBUG_INFO = NO;
				MTL_FAST_MATH = YES;
				SDKROOT = iphoneos;
				SWIFT_COMPILATION_MODE = wholemodule;
				SWIFT_OPTIMIZATION_LEVEL = "-O";
				VALIDATE_PRODUCT = YES;
			};
			name = Release;
		};
		95B434F3234BC7B400226F55 /* Debug */ = {
			isa = XCBuildConfiguration;
			buildSettings = {
				ASSETCATALOG_COMPILER_APPICON_NAME = AppIcon;
				CODE_SIGN_STYLE = Automatic;
				INFOPLIST_FILE = WorldTrotter/Info.plist;
				LD_RUNPATH_SEARCH_PATHS = (
					"$(inherited)",
					"@executable_path/Frameworks",
				);
				PRODUCT_BUNDLE_IDENTIFIER = com.bignerdranch.WorldTrotter;
				PRODUCT_NAME = "$(TARGET_NAME)";
				SWIFT_VERSION = 5.0;
				TARGETED_DEVICE_FAMILY = "1,2";
			};
			name = Debug;
		};
		95B434F4234BC7B400226F55 /* Release */ = {
			isa = XCBuildConfiguration;
			buildSettings = {
				ASSETCATALOG_COMPILER_APPICON_NAME = AppIcon;
				CODE_SIGN_STYLE = Automatic;
				INFOPLIST_FILE = WorldTrotter/Info.plist;
				LD_RUNPATH_SEARCH_PATHS = (
					"$(inherited)",
					"@executable_path/Frameworks",
				);
				PRODUCT_BUNDLE_IDENTIFIER = com.bignerdranch.WorldTrotter;
				PRODUCT_NAME = "$(TARGET_NAME)";
				SWIFT_VERSION = 5.0;
				TARGETED_DEVICE_FAMILY = "1,2";
			};
			name = Release;
		};
		95B434F6234BC7B400226F55 /* Debug */ = {
			isa = XCBuildConfiguration;
			buildSettings = {
				ALWAYS_EMBED_SWIFT_STANDARD_LIBRARIES = YES;
				BUNDLE_LOADER = "$(TEST_HOST)";
				CODE_SIGN_STYLE = Automatic;
				INFOPLIST_FILE = WorldTrotterTests/Info.plist;
				IPHONEOS_DEPLOYMENT_TARGET = 13.1;
				LD_RUNPATH_SEARCH_PATHS = (
					"$(inherited)",
					"@executable_path/Frameworks",
					"@loader_path/Frameworks",
				);
				PRODUCT_BUNDLE_IDENTIFIER = com.bignerdranch.WorldTrotterTests;
				PRODUCT_NAME = "$(TARGET_NAME)";
				SWIFT_VERSION = 5.0;
				TARGETED_DEVICE_FAMILY = "1,2";
				TEST_HOST = "$(BUILT_PRODUCTS_DIR)/WorldTrotter.app/WorldTrotter";
			};
			name = Debug;
		};
		95B434F7234BC7B400226F55 /* Release */ = {
			isa = XCBuildConfiguration;
			buildSettings = {
				ALWAYS_EMBED_SWIFT_STANDARD_LIBRARIES = YES;
				BUNDLE_LOADER = "$(TEST_HOST)";
				CODE_SIGN_STYLE = Automatic;
				INFOPLIST_FILE = WorldTrotterTests/Info.plist;
				IPHONEOS_DEPLOYMENT_TARGET = 13.1;
				LD_RUNPATH_SEARCH_PATHS = (
					"$(inherited)",
					"@executable_path/Frameworks",
					"@loader_path/Frameworks",
				);
				PRODUCT_BUNDLE_IDENTIFIER = com.bignerdranch.WorldTrotterTests;
				PRODUCT_NAME = "$(TARGET_NAME)";
				SWIFT_VERSION = 5.0;
				TARGETED_DEVICE_FAMILY = "1,2";
				TEST_HOST = "$(BUILT_PRODUCTS_DIR)/WorldTrotter.app/WorldTrotter";
			};
			name = Release;
		};
		95B434F9234BC7B400226F55 /* Debug */ = {
			isa = XCBuildConfiguration;
			buildSettings = {
				ALWAYS_EMBED_SWIFT_STANDARD_LIBRARIES = YES;
				CODE_SIGN_STYLE = Automatic;
				INFOPLIST_FILE = WorldTrotterUITests/Info.plist;
				LD_RUNPATH_SEARCH_PATHS = (
					"$(inherited)",
					"@executable_path/Frameworks",
					"@loader_path/Frameworks",
				);
				PRODUCT_BUNDLE_IDENTIFIER = com.bignerdranch.WorldTrotterUITests;
				PRODUCT_NAME = "$(TARGET_NAME)";
				SWIFT_VERSION = 5.0;
				TARGETED_DEVICE_FAMILY = "1,2";
				TEST_TARGET_NAME = WorldTrotter;
			};
			name = Debug;
		};
		95B434FA234BC7B400226F55 /* Release */ = {
			isa = XCBuildConfiguration;
			buildSettings = {
				ALWAYS_EMBED_SWIFT_STANDARD_LIBRARIES = YES;
				CODE_SIGN_STYLE = Automatic;
				INFOPLIST_FILE = WorldTrotterUITests/Info.plist;
				LD_RUNPATH_SEARCH_PATHS = (
					"$(inherited)",
					"@executable_path/Frameworks",
					"@loader_path/Frameworks",
				);
				PRODUCT_BUNDLE_IDENTIFIER = com.bignerdranch.WorldTrotterUITests;
				PRODUCT_NAME = "$(TARGET_NAME)";
				SWIFT_VERSION = 5.0;
				TARGETED_DEVICE_FAMILY = "1,2";
				TEST_TARGET_NAME = WorldTrotter;
			};
			name = Release;
		};
/* End XCBuildConfiguration section */

/* Begin XCConfigurationList section */
		95B434C3234BC7B300226F55 /* Build configuration list for PBXProject "WorldTrotter" */ = {
			isa = XCConfigurationList;
			buildConfigurations = (
				95B434F0234BC7B400226F55 /* Debug */,
				95B434F1234BC7B400226F55 /* Release */,
			);
			defaultConfigurationIsVisible = 0;
			defaultConfigurationName = Release;
		};
		95B434F2234BC7B400226F55 /* Build configuration list for PBXNativeTarget "WorldTrotter" */ = {
			isa = XCConfigurationList;
			buildConfigurations = (
				95B434F3234BC7B400226F55 /* Debug */,
				95B434F4234BC7B400226F55 /* Release */,
			);
			defaultConfigurationIsVisible = 0;
			defaultConfigurationName = Release;
		};
		95B434F5234BC7B400226F55 /* Build configuration list for PBXNativeTarget "WorldTrotterTests" */ = {
			isa = XCConfigurationList;
			buildConfigurations = (
				95B434F6234BC7B400226F55 /* Debug */,
				95B434F7234BC7B400226F55 /* Release */,
			);
			defaultConfigurationIsVisible = 0;
			defaultConfigurationName = Release;
		};
		95B434F8234BC7B400226F55 /* Build configuration list for PBXNativeTarget "WorldTrotterUITests" */ = {
			isa = XCConfigurationList;
			buildConfigurations = (
				95B434F9234BC7B400226F55 /* Debug */,
				95B434FA234BC7B400226F55 /* Release */,
			);
			defaultConfigurationIsVisible = 0;
			defaultConfigurationName = Release;
		};
/* End XCConfigurationList section */
	};
	rootObject = 95B434C0234BC7B300226F55 /* Project object */;
}
