// !$*UTF8*$!
{
	archiveVersion = 1;
	classes = {
	};
	objectVersion = 50;
	objects = {

/* Begin PBXBuildFile section */
		957530E4234C3B8E00229B3E /* AppDelegate.swift in Sources */ = {isa = PBXBuildFile; fileRef = 957530E3234C3B8E00229B3E /* AppDelegate.swift */; };
		957530E6234C3B8E00229B3E /* SceneDelegate.swift in Sources */ = {isa = PBXBuildFile; fileRef = 957530E5234C3B8E00229B3E /* SceneDelegate.swift */; };
		957530E8234C3B8E00229B3E /* ViewController.swift in Sources */ = {isa = PBXBuildFile; fileRef = 957530E7234C3B8E00229B3E /* ViewController.swift */; };
		957530EB234C3B8E00229B3E /* Main.storyboard in Resources */ = {isa = PBXBuildFile; fileRef = 957530E9234C3B8E00229B3E /* Main.storyboard */; };
		957530ED234C3B8E00229B3E /* Assets.xcassets in Resources */ = {isa = PBXBuildFile; fileRef = 957530EC234C3B8E00229B3E /* Assets.xcassets */; };
		957530F0234C3B8E00229B3E /* LaunchScreen.storyboard in Resources */ = {isa = PBXBuildFile; fileRef = 957530EE234C3B8E00229B3E /* LaunchScreen.storyboard */; };
		957530FB234C3B8E00229B3E /* BuggyTests.swift in Sources */ = {isa = PBXBuildFile; fileRef = 957530FA234C3B8E00229B3E /* BuggyTests.swift */; };
		95753106234C3B8E00229B3E /* BuggyUITests.swift in Sources */ = {isa = PBXBuildFile; fileRef = 95753105234C3B8E00229B3E /* BuggyUITests.swift */; };
/* End PBXBuildFile section */

/* Begin PBXContainerItemProxy section */
		957530F7234C3B8E00229B3E /* PBXContainerItemProxy */ = {
			isa = PBXContainerItemProxy;
			containerPortal = 957530D8234C3B8E00229B3E /* Project object */;
			proxyType = 1;
			remoteGlobalIDString = 957530DF234C3B8E00229B3E;
			remoteInfo = Buggy;
		};
		95753102234C3B8E00229B3E /* PBXContainerItemProxy */ = {
			isa = PBXContainerItemProxy;
			containerPortal = 957530D8234C3B8E00229B3E /* Project object */;
			proxyType = 1;
			remoteGlobalIDString = 957530DF234C3B8E00229B3E;
			remoteInfo = Buggy;
		};
/* End PBXContainerItemProxy section */

/* Begin PBXFileReference section */
		957530E0234C3B8E00229B3E /* Buggy.app */ = {isa = PBXFileReference; explicitFileType = wrapper.application; includeInIndex = 0; path = Buggy.app; sourceTree = BUILT_PRODUCTS_DIR; };
		957530E3234C3B8E00229B3E /* AppDelegate.swift */ = {isa = PBXFileReference; lastKnownFileType = sourcecode.swift; path = AppDelegate.swift; sourceTree = "<group>"; };
		957530E5234C3B8E00229B3E /* SceneDelegate.swift */ = {isa = PBXFileReference; lastKnownFileType = sourcecode.swift; path = SceneDelegate.swift; sourceTree = "<group>"; };
		957530E7234C3B8E00229B3E /* ViewController.swift */ = {isa = PBXFileReference; lastKnownFileType = sourcecode.swift; path = ViewController.swift; sourceTree = "<group>"; };
		957530EA234C3B8E00229B3E /* Base */ = {isa = PBXFileReference; lastKnownFileType = file.storyboard; name = Base; path = Base.lproj/Main.storyboard; sourceTree = "<group>"; };
		957530EC234C3B8E00229B3E /* Assets.xcassets */ = {isa = PBXFileReference; lastKnownFileType = folder.assetcatalog; path = Assets.xcassets; sourceTree = "<group>"; };
		957530EF234C3B8E00229B3E /* Base */ = {isa = PBXFileReference; lastKnownFileType = file.storyboard; name = Base; path = Base.lproj/LaunchScreen.storyboard; sourceTree = "<group>"; };
		957530F1234C3B8E00229B3E /* Info.plist */ = {isa = PBXFileReference; lastKnownFileType = text.plist.xml; path = Info.plist; sourceTree = "<group>"; };
		957530F6234C3B8E00229B3E /* BuggyTests.xctest */ = {isa = PBXFileReference; explicitFileType = wrapper.cfbundle; includeInIndex = 0; path = BuggyTests.xctest; sourceTree = BUILT_PRODUCTS_DIR; };
		957530FA234C3B8E00229B3E /* BuggyTests.swift */ = {isa = PBXFileReference; lastKnownFileType = sourcecode.swift; path = BuggyTests.swift; sourceTree = "<group>"; };
		957530FC234C3B8E00229B3E /* Info.plist */ = {isa = PBXFileReference; lastKnownFileType = text.plist.xml; path = Info.plist; sourceTree = "<group>"; };
		95753101234C3B8E00229B3E /* BuggyUITests.xctest */ = {isa = PBXFileReference; explicitFileType = wrapper.cfbundle; includeInIndex = 0; path = BuggyUITests.xctest; sourceTree = BUILT_PRODUCTS_DIR; };
		95753105234C3B8E00229B3E /* BuggyUITests.swift */ = {isa = PBXFileReference; lastKnownFileType = sourcecode.swift; path = BuggyUITests.swift; sourceTree = "<group>"; };
		95753107234C3B8E00229B3E /* Info.plist */ = {isa = PBXFileReference; lastKnownFileType = text.plist.xml; path = Info.plist; sourceTree = "<group>"; };
/* End PBXFileReference section */

/* Begin PBXFrameworksBuildPhase section */
		957530DD234C3B8E00229B3E /* Frameworks */ = {
			isa = PBXFrameworksBuildPhase;
			buildActionMask = 2147483647;
			files = (
			);
			runOnlyForDeploymentPostprocessing = 0;
		};
		957530F3234C3B8E00229B3E /* Frameworks */ = {
			isa = PBXFrameworksBuildPhase;
			buildActionMask = 2147483647;
			files = (
			);
			runOnlyForDeploymentPostprocessing = 0;
		};
		957530FE234C3B8E00229B3E /* Frameworks */ = {
			isa = PBXFrameworksBuildPhase;
			buildActionMask = 2147483647;
			files = (
			);
			runOnlyForDeploymentPostprocessing = 0;
		};
/* End PBXFrameworksBuildPhase section */

/* Begin PBXGroup section */
		957530D7234C3B8E00229B3E = {
			isa = PBXGroup;
			children = (
				957530E2234C3B8E00229B3E /* Buggy */,
				957530F9234C3B8E00229B3E /* BuggyTests */,
				95753104234C3B8E00229B3E /* BuggyUITests */,
				957530E1234C3B8E00229B3E /* Products */,
			);
			sourceTree = "<group>";
		};
		957530E1234C3B8E00229B3E /* Products */ = {
			isa = PBXGroup;
			children = (
				957530E0234C3B8E00229B3E /* Buggy.app */,
				957530F6234C3B8E00229B3E /* BuggyTests.xctest */,
				95753101234C3B8E00229B3E /* BuggyUITests.xctest */,
			);
			name = Products;
			sourceTree = "<group>";
		};
		957530E2234C3B8E00229B3E /* Buggy */ = {
			isa = PBXGroup;
			children = (
				957530E3234C3B8E00229B3E /* AppDelegate.swift */,
				957530E5234C3B8E00229B3E /* SceneDelegate.swift */,
				957530E7234C3B8E00229B3E /* ViewController.swift */,
				957530E9234C3B8E00229B3E /* Main.storyboard */,
				957530EC234C3B8E00229B3E /* Assets.xcassets */,
				957530EE234C3B8E00229B3E /* LaunchScreen.storyboard */,
				957530F1234C3B8E00229B3E /* Info.plist */,
			);
			path = Buggy;
			sourceTree = "<group>";
		};
		957530F9234C3B8E00229B3E /* BuggyTests */ = {
			isa = PBXGroup;
			children = (
				957530FA234C3B8E00229B3E /* BuggyTests.swift */,
				957530FC234C3B8E00229B3E /* Info.plist */,
			);
			path = BuggyTests;
			sourceTree = "<group>";
		};
		95753104234C3B8E00229B3E /* BuggyUITests */ = {
			isa = PBXGroup;
			children = (
				95753105234C3B8E00229B3E /* BuggyUITests.swift */,
				95753107234C3B8E00229B3E /* Info.plist */,
			);
			path = BuggyUITests;
			sourceTree = "<group>";
		};
/* End PBXGroup section */

/* Begin PBXNativeTarget section */
		957530DF234C3B8E00229B3E /* Buggy */ = {
			isa = PBXNativeTarget;
			buildConfigurationList = 9575310A234C3B8E00229B3E /* Build configuration list for PBXNativeTarget "Buggy" */;
			buildPhases = (
				957530DC234C3B8E00229B3E /* Sources */,
				957530DD234C3B8E00229B3E /* Frameworks */,
				957530DE234C3B8E00229B3E /* Resources */,
			);
			buildRules = (
			);
			dependencies = (
			);
			name = Buggy;
			productName = Buggy;
			productReference = 957530E0234C3B8E00229B3E /* Buggy.app */;
			productType = "com.apple.product-type.application";
		};
		957530F5234C3B8E00229B3E /* BuggyTests */ = {
			isa = PBXNativeTarget;
			buildConfigurationList = 9575310D234C3B8E00229B3E /* Build configuration list for PBXNativeTarget "BuggyTests" */;
			buildPhases = (
				957530F2234C3B8E00229B3E /* Sources */,
				957530F3234C3B8E00229B3E /* Frameworks */,
				957530F4234C3B8E00229B3E /* Resources */,
			);
			buildRules = (
			);
			dependencies = (
				957530F8234C3B8E00229B3E /* PBXTargetDependency */,
			);
			name = BuggyTests;
			productName = BuggyTests;
			productReference = 957530F6234C3B8E00229B3E /* BuggyTests.xctest */;
			productType = "com.apple.product-type.bundle.unit-test";
		};
		95753100234C3B8E00229B3E /* BuggyUITests */ = {
			isa = PBXNativeTarget;
			buildConfigurationList = 95753110234C3B8E00229B3E /* Build configuration list for PBXNativeTarget "BuggyUITests" */;
			buildPhases = (
				957530FD234C3B8E00229B3E /* Sources */,
				957530FE234C3B8E00229B3E /* Frameworks */,
				957530FF234C3B8E00229B3E /* Resources */,
			);
			buildRules = (
			);
			dependencies = (
				95753103234C3B8E00229B3E /* PBXTargetDependency */,
			);
			name = BuggyUITests;
			productName = BuggyUITests;
			productReference = 95753101234C3B8E00229B3E /* BuggyUITests.xctest */;
			productType = "com.apple.product-type.bundle.ui-testing";
		};
/* End PBXNativeTarget section */

/* Begin PBXProject section */
		957530D8234C3B8E00229B3E /* Project object */ = {
			isa = PBXProject;
			attributes = {
				LastSwiftUpdateCheck = 1110;
				LastUpgradeCheck = 1110;
				ORGANIZATIONNAME = "Big Nerd Ranch";
				TargetAttributes = {
					957530DF234C3B8E00229B3E = {
						CreatedOnToolsVersion = 11.1;
					};
					957530F5234C3B8E00229B3E = {
						CreatedOnToolsVersion = 11.1;
						TestTargetID = 957530DF234C3B8E00229B3E;
					};
					95753100234C3B8E00229B3E = {
						CreatedOnToolsVersion = 11.1;
						TestTargetID = 957530DF234C3B8E00229B3E;
					};
				};
			};
			buildConfigurationList = 957530DB234C3B8E00229B3E /* Build configuration list for PBXProject "Buggy" */;
			compatibilityVersion = "Xcode 9.3";
			developmentRegion = en;
			hasScannedForEncodings = 0;
			knownRegions = (
				en,
				Base,
			);
			mainGroup = 957530D7234C3B8E00229B3E;
			productRefGroup = 957530E1234C3B8E00229B3E /* Products */;
			projectDirPath = "";
			projectRoot = "";
			targets = (
				957530DF234C3B8E00229B3E /* Buggy */,
				957530F5234C3B8E00229B3E /* BuggyTests */,
				95753100234C3B8E00229B3E /* BuggyUITests */,
			);
		};
/* End PBXProject section */

/* Begin PBXResourcesBuildPhase section */
		957530DE234C3B8E00229B3E /* Resources */ = {
			isa = PBXResourcesBuildPhase;
			buildActionMask = 2147483647;
			files = (
				957530F0234C3B8E00229B3E /* LaunchScreen.storyboard in Resources */,
				957530ED234C3B8E00229B3E /* Assets.xcassets in Resources */,
				957530EB234C3B8E00229B3E /* Main.storyboard in Resources */,
			);
			runOnlyForDeploymentPostprocessing = 0;
		};
		957530F4234C3B8E00229B3E /* Resources */ = {
			isa = PBXResourcesBuildPhase;
			buildActionMask = 2147483647;
			files = (
			);
			runOnlyForDeploymentPostprocessing = 0;
		};
		957530FF234C3B8E00229B3E /* Resources */ = {
			isa = PBXResourcesBuildPhase;
			buildActionMask = 2147483647;
			files = (
			);
			runOnlyForDeploymentPostprocessing = 0;
		};
/* End PBXResourcesBuildPhase section */

/* Begin PBXSourcesBuildPhase section */
		957530DC234C3B8E00229B3E /* Sources */ = {
			isa = PBXSourcesBuildPhase;
			buildActionMask = 2147483647;
			files = (
				957530E8234C3B8E00229B3E /* ViewController.swift in Sources */,
				957530E4234C3B8E00229B3E /* AppDelegate.swift in Sources */,
				957530E6234C3B8E00229B3E /* SceneDelegate.swift in Sources */,
			);
			runOnlyForDeploymentPostprocessing = 0;
		};
		957530F2234C3B8E00229B3E /* Sources */ = {
			isa = PBXSourcesBuildPhase;
			buildActionMask = 2147483647;
			files = (
				957530FB234C3B8E00229B3E /* BuggyTests.swift in Sources */,
			);
			runOnlyForDeploymentPostprocessing = 0;
		};
		957530FD234C3B8E00229B3E /* Sources */ = {
			isa = PBXSourcesBuildPhase;
			buildActionMask = 2147483647;
			files = (
				95753106234C3B8E00229B3E /* BuggyUITests.swift in Sources */,
			);
			runOnlyForDeploymentPostprocessing = 0;
		};
/* End PBXSourcesBuildPhase section */

/* Begin PBXTargetDependency section */
		957530F8234C3B8E00229B3E /* PBXTargetDependency */ = {
			isa = PBXTargetDependency;
			target = 957530DF234C3B8E00229B3E /* Buggy */;
			targetProxy = 957530F7234C3B8E00229B3E /* PBXContainerItemProxy */;
		};
		95753103234C3B8E00229B3E /* PBXTargetDependency */ = {
			isa = PBXTargetDependency;
			target = 957530DF234C3B8E00229B3E /* Buggy */;
			targetProxy = 95753102234C3B8E00229B3E /* PBXContainerItemProxy */;
		};
/* End PBXTargetDependency section */

/* Begin PBXVariantGroup section */
		957530E9234C3B8E00229B3E /* Main.storyboard */ = {
			isa = PBXVariantGroup;
			children = (
				957530EA234C3B8E00229B3E /* Base */,
			);
			name = Main.storyboard;
			sourceTree = "<group>";
		};
		957530EE234C3B8E00229B3E /* LaunchScreen.storyboard */ = {
			isa = PBXVariantGroup;
			children = (
				957530EF234C3B8E00229B3E /* Base */,
			);
			name = LaunchScreen.storyboard;
			sourceTree = "<group>";
		};
/* End PBXVariantGroup section */

/* Begin XCBuildConfiguration section */
		95753108234C3B8E00229B3E /* Debug */ = {
			isa = XCBuildConfiguration;
			buildSettings = {
				ALWAYS_SEARCH_USER_PATHS = NO;
				CLANG_ANALYZER_NONNULL = YES;
				CLANG_ANALYZER_NUMBER_OBJECT_CONVERSION = YES_AGGRESSIVE;
				CLANG_CXX_LANGUAGE_STANDARD = "gnu++14";
				CLANG_CXX_LIBRARY = "libc++";
				CLANG_ENABLE_MODULES = YES;
				CLANG_ENABLE_OBJC_ARC = YES;
				CLANG_ENABLE_OBJC_WEAK = YES;
				CLANG_WARN_BLOCK_CAPTURE_AUTORELEASING = YES;
				CLANG_WARN_BOOL_CONVERSION = YES;
				CLANG_WARN_COMMA = YES;
				CLANG_WARN_CONSTANT_CONVERSION = YES;
				CLANG_WARN_DEPRECATED_OBJC_IMPLEMENTATIONS = YES;
				CLANG_WARN_DIRECT_OBJC_ISA_USAGE = YES_ERROR;
				CLANG_WARN_DOCUMENTATION_COMMENTS = YES;
				CLANG_WARN_EMPTY_BODY = YES;
				CLANG_WARN_ENUM_CONVERSION = YES;
				CLANG_WARN_INFINITE_RECURSION = YES;
				CLANG_WARN_INT_CONVERSION = YES;
				CLANG_WARN_NON_LITERAL_NULL_CONVERSION = YES;
				CLANG_WARN_OBJC_IMPLICIT_RETAIN_SELF = YES;
				CLANG_WARN_OBJC_LITERAL_CONVERSION = YES;
				CLANG_WARN_OBJC_ROOT_CLASS = YES_ERROR;
				CLANG_WARN_RANGE_LOOP_ANALYSIS = YES;
				CLANG_WARN_STRICT_PROTOTYPES = YES;
				CLANG_WARN_SUSPICIOUS_MOVE = YES;
				CLANG_WARN_UNGUARDED_AVAILABILITY = YES_AGGRESSIVE;
				CLANG_WARN_UNREACHABLE_CODE = YES;
				CLANG_WARN__DUPLICATE_METHOD_MATCH = YES;
				COPY_PHASE_STRIP = NO;
				DEBUG_INFORMATION_FORMAT = dwarf;
				ENABLE_STRICT_OBJC_MSGSEND = YES;
				ENABLE_TESTABILITY = YES;
				GCC_C_LANGUAGE_STANDARD = gnu11;
				GCC_DYNAMIC_NO_PIC = NO;
				GCC_NO_COMMON_BLOCKS = YES;
				GCC_OPTIMIZATION_LEVEL = 0;
				GCC_PREPROCESSOR_DEFINITIONS = (
					"DEBUG=1",
					"$(inherited)",
				);
				GCC_WARN_64_TO_32_BIT_CONVERSION = YES;
				GCC_WARN_ABOUT_RETURN_TYPE = YES_ERROR;
				GCC_WARN_UNDECLARED_SELECTOR = YES;
				GCC_WARN_UNINITIALIZED_AUTOS = YES_AGGRESSIVE;
				GCC_WARN_UNUSED_FUNCTION = YES;
				GCC_WARN_UNUSED_VARIABLE = YES;
				IPHONEOS_DEPLOYMENT_TARGET = 13.1;
				MTL_ENABLE_DEBUG_INFO = INCLUDE_SOURCE;
				MTL_FAST_MATH = YES;
				ONLY_ACTIVE_ARCH = YES;
				SDKROOT = iphoneos;
				SWIFT_ACTIVE_COMPILATION_CONDITIONS = DEBUG;
				SWIFT_OPTIMIZATION_LEVEL = "-Onone";
			};
			name = Debug;
		};
		95753109234C3B8E00229B3E /* Release */ = {
			isa = XCBuildConfiguration;
			buildSettings = {
				ALWAYS_SEARCH_USER_PATHS = NO;
				CLANG_ANALYZER_NONNULL = YES;
				CLANG_ANALYZER_NUMBER_OBJECT_CONVERSION = YES_AGGRESSIVE;
				CLANG_CXX_LANGUAGE_STANDARD = "gnu++14";
				CLANG_CXX_LIBRARY = "libc++";
				CLANG_ENABLE_MODULES = YES;
				CLANG_ENABLE_OBJC_ARC = YES;
				CLANG_ENABLE_OBJC_WEAK = YES;
				CLANG_WARN_BLOCK_CAPTURE_AUTORELEASING = YES;
				CLANG_WARN_BOOL_CONVERSION = YES;
				CLANG_WARN_COMMA = YES;
				CLANG_WARN_CONSTANT_CONVERSION = YES;
				CLANG_WARN_DEPRECATED_OBJC_IMPLEMENTATIONS = YES;
				CLANG_WARN_DIRECT_OBJC_ISA_USAGE = YES_ERROR;
				CLANG_WARN_DOCUMENTATION_COMMENTS = YES;
				CLANG_WARN_EMPTY_BODY = YES;
				CLANG_WARN_ENUM_CONVERSION = YES;
				CLANG_WARN_INFINITE_RECURSION = YES;
				CLANG_WARN_INT_CONVERSION = YES;
				CLANG_WARN_NON_LITERAL_NULL_CONVERSION = YES;
				CLANG_WARN_OBJC_IMPLICIT_RETAIN_SELF = YES;
				CLANG_WARN_OBJC_LITERAL_CONVERSION = YES;
				CLANG_WARN_OBJC_ROOT_CLASS = YES_ERROR;
				CLANG_WARN_RANGE_LOOP_ANALYSIS = YES;
				CLANG_WARN_STRICT_PROTOTYPES = YES;
				CLANG_WARN_SUSPICIOUS_MOVE = YES;
				CLANG_WARN_UNGUARDED_AVAILABILITY = YES_AGGRESSIVE;
				CLANG_WARN_UNREACHABLE_CODE = YES;
				CLANG_WARN__DUPLICATE_METHOD_MATCH = YES;
				COPY_PHASE_STRIP = NO;
				DEBUG_INFORMATION_FORMAT = "dwarf-with-dsym";
				ENABLE_NS_ASSERTIONS = NO;
				ENABLE_STRICT_OBJC_MSGSEND = YES;
				GCC_C_LANGUAGE_STANDARD = gnu11;
				GCC_NO_COMMON_BLOCKS = YES;
				GCC_WARN_64_TO_32_BIT_CONVERSION = YES;
				GCC_WARN_ABOUT_RETURN_TYPE = YES_ERROR;
				GCC_WARN_UNDECLARED_SELECTOR = YES;
				GCC_WARN_UNINITIALIZED_AUTOS = YES_AGGRESSIVE;
				GCC_WARN_UNUSED_FUNCTION = YES;
				GCC_WARN_UNUSED_VARIABLE = YES;
				IPHONEOS_DEPLOYMENT_TARGET = 13.1;
				MTL_ENABLE_DEBUG_INFO = NO;
				MTL_FAST_MATH = YES;
				SDKROOT = iphoneos;
				SWIFT_COMPILATION_MODE = wholemodule;
				SWIFT_OPTIMIZATION_LEVEL = "-O";
				VALIDATE_PRODUCT = YES;
			};
			name = Release;
		};
		9575310B234C3B8E00229B3E /* Debug */ = {
			isa = XCBuildConfiguration;
			buildSettings = {
				ASSETCATALOG_COMPILER_APPICON_NAME = AppIcon;
				CODE_SIGN_STYLE = Automatic;
				INFOPLIST_FILE = Buggy/Info.plist;
				LD_RUNPATH_SEARCH_PATHS = (
					"$(inherited)",
					"@executable_path/Frameworks",
				);
				PRODUCT_BUNDLE_IDENTIFIER = com.bignerdranch.Buggy;
				PRODUCT_NAME = "$(TARGET_NAME)";
				SWIFT_VERSION = 5.0;
				TARGETED_DEVICE_FAMILY = "1,2";
			};
			name = Debug;
		};
		9575310C234C3B8E00229B3E /* Release */ = {
			isa = XCBuildConfiguration;
			buildSettings = {
				ASSETCATALOG_COMPILER_APPICON_NAME = AppIcon;
				CODE_SIGN_STYLE = Automatic;
				INFOPLIST_FILE = Buggy/Info.plist;
				LD_RUNPATH_SEARCH_PATHS = (
					"$(inherited)",
					"@executable_path/Frameworks",
				);
				PRODUCT_BUNDLE_IDENTIFIER = com.bignerdranch.Buggy;
				PRODUCT_NAME = "$(TARGET_NAME)";
				SWIFT_VERSION = 5.0;
				TARGETED_DEVICE_FAMILY = "1,2";
			};
			name = Release;
		};
		9575310E234C3B8E00229B3E /* Debug */ = {
			isa = XCBuildConfiguration;
			buildSettings = {
				ALWAYS_EMBED_SWIFT_STANDARD_LIBRARIES = YES;
				BUNDLE_LOADER = "$(TEST_HOST)";
				CODE_SIGN_STYLE = Automatic;
				INFOPLIST_FILE = BuggyTests/Info.plist;
				IPHONEOS_DEPLOYMENT_TARGET = 13.1;
				LD_RUNPATH_SEARCH_PATHS = (
					"$(inherited)",
					"@executable_path/Frameworks",
					"@loader_path/Frameworks",
				);
				PRODUCT_BUNDLE_IDENTIFIER = com.bignerdranch.BuggyTests;
				PRODUCT_NAME = "$(TARGET_NAME)";
				SWIFT_VERSION = 5.0;
				TARGETED_DEVICE_FAMILY = "1,2";
				TEST_HOST = "$(BUILT_PRODUCTS_DIR)/Buggy.app/Buggy";
			};
			name = Debug;
		};
		9575310F234C3B8E00229B3E /* Release */ = {
			isa = XCBuildConfiguration;
			buildSettings = {
				ALWAYS_EMBED_SWIFT_STANDARD_LIBRARIES = YES;
				BUNDLE_LOADER = "$(TEST_HOST)";
				CODE_SIGN_STYLE = Automatic;
				INFOPLIST_FILE = BuggyTests/Info.plist;
				IPHONEOS_DEPLOYMENT_TARGET = 13.1;
				LD_RUNPATH_SEARCH_PATHS = (
					"$(inherited)",
					"@executable_path/Frameworks",
					"@loader_path/Frameworks",
				);
				PRODUCT_BUNDLE_IDENTIFIER = com.bignerdranch.BuggyTests;
				PRODUCT_NAME = "$(TARGET_NAME)";
				SWIFT_VERSION = 5.0;
				TARGETED_DEVICE_FAMILY = "1,2";
				TEST_HOST = "$(BUILT_PRODUCTS_DIR)/Buggy.app/Buggy";
			};
			name = Release;
		};
		95753111234C3B8E00229B3E /* Debug */ = {
			isa = XCBuildConfiguration;
			buildSettings = {
				ALWAYS_EMBED_SWIFT_STANDARD_LIBRARIES = YES;
				CODE_SIGN_STYLE = Automatic;
				INFOPLIST_FILE = BuggyUITests/Info.plist;
				LD_RUNPATH_SEARCH_PATHS = (
					"$(inherited)",
					"@executable_path/Frameworks",
					"@loader_path/Frameworks",
				);
				PRODUCT_BUNDLE_IDENTIFIER = com.bignerdranch.BuggyUITests;
				PRODUCT_NAME = "$(TARGET_NAME)";
				SWIFT_VERSION = 5.0;
				TARGETED_DEVICE_FAMILY = "1,2";
				TEST_TARGET_NAME = Buggy;
			};
			name = Debug;
		};
		95753112234C3B8E00229B3E /* Release */ = {
			isa = XCBuildConfiguration;
			buildSettings = {
				ALWAYS_EMBED_SWIFT_STANDARD_LIBRARIES = YES;
				CODE_SIGN_STYLE = Automatic;
				INFOPLIST_FILE = BuggyUITests/Info.plist;
				LD_RUNPATH_SEARCH_PATHS = (
					"$(inherited)",
					"@executable_path/Frameworks",
					"@loader_path/Frameworks",
				);
				PRODUCT_BUNDLE_IDENTIFIER = com.bignerdranch.BuggyUITests;
				PRODUCT_NAME = "$(TARGET_NAME)";
				SWIFT_VERSION = 5.0;
				TARGETED_DEVICE_FAMILY = "1,2";
				TEST_TARGET_NAME = Buggy;
			};
			name = Release;
		};
/* End XCBuildConfiguration section */

/* Begin XCConfigurationList section */
		957530DB234C3B8E00229B3E /* Build configuration list for PBXProject "Buggy" */ = {
			isa = XCConfigurationList;
			buildConfigurations = (
				95753108234C3B8E00229B3E /* Debug */,
				95753109234C3B8E00229B3E /* Release */,
			);
			defaultConfigurationIsVisible = 0;
			defaultConfigurationName = Release;
		};
		9575310A234C3B8E00229B3E /* Build configuration list for PBXNativeTarget "Buggy" */ = {
			isa = XCConfigurationList;
			buildConfigurations = (
				9575310B234C3B8E00229B3E /* Debug */,
				9575310C234C3B8E00229B3E /* Release */,
			);
			defaultConfigurationIsVisible = 0;
			defaultConfigurationName = Release;
		};
		9575310D234C3B8E00229B3E /* Build configuration list for PBXNativeTarget "BuggyTests" */ = {
			isa = XCConfigurationList;
			buildConfigurations = (
				9575310E234C3B8E00229B3E /* Debug */,
				9575310F234C3B8E00229B3E /* Release */,
			);
			defaultConfigurationIsVisible = 0;
			defaultConfigurationName = Release;
		};
		95753110234C3B8E00229B3E /* Build configuration list for PBXNativeTarget "BuggyUITests" */ = {
			isa = XCConfigurationList;
			buildConfigurations = (
				95753111234C3B8E00229B3E /* Debug */,
				95753112234C3B8E00229B3E /* Release */,
			);
			defaultConfigurationIsVisible = 0;
			defaultConfigurationName = Release;
		};
/* End XCConfigurationList section */
	};
	rootObject = 957530D8234C3B8E00229B3E /* Project object */;
}
