// !$*UTF8*$!
{
	archiveVersion = 1;
	classes = {
	};
	objectVersion = 50;
	objects = {

/* Begin PBXBuildFile section */
		953433A9234D97F600886B44 /* AppDelegate.swift in Sources */ = {isa = PBXBuildFile; fileRef = 953433A8234D97F600886B44 /* AppDelegate.swift */; };
		953433AB234D97F600886B44 /* SceneDelegate.swift in Sources */ = {isa = PBXBuildFile; fileRef = 953433AA234D97F600886B44 /* SceneDelegate.swift */; };
		953433B0234D97F600886B44 /* Main.storyboard in Resources */ = {isa = PBXBuildFile; fileRef = 953433AE234D97F600886B44 /* Main.storyboard */; };
		953433B2234D97F700886B44 /* Assets.xcassets in Resources */ = {isa = PBXBuildFile; fileRef = 953433B1234D97F700886B44 /* Assets.xcassets */; };
		953433B5234D97F700886B44 /* LaunchScreen.storyboard in Resources */ = {isa = PBXBuildFile; fileRef = 953433B3234D97F700886B44 /* LaunchScreen.storyboard */; };
		953433C0234D97F700886B44 /* MandalaTests.swift in Sources */ = {isa = PBXBuildFile; fileRef = 953433BF234D97F700886B44 /* MandalaTests.swift */; };
		953433CB234D97F700886B44 /* MandalaUITests.swift in Sources */ = {isa = PBXBuildFile; fileRef = 953433CA234D97F700886B44 /* MandalaUITests.swift */; };
		953433D9234D984000886B44 /* Mood.swift in Sources */ = {isa = PBXBuildFile; fileRef = 953433D8234D984000886B44 /* Mood.swift */; };
		953433DB234D987400886B44 /* MoodEntry.swift in Sources */ = {isa = PBXBuildFile; fileRef = 953433DA234D987400886B44 /* MoodEntry.swift */; };
		953433DD234D9B1500886B44 /* UIColor+Extension.swift in Sources */ = {isa = PBXBuildFile; fileRef = 953433DC234D9B1500886B44 /* UIColor+Extension.swift */; };
		953433DF234D9B6C00886B44 /* UIImage+Extension.swift in Sources */ = {isa = PBXBuildFile; fileRef = 953433DE234D9B6C00886B44 /* UIImage+Extension.swift */; };
		953433E1234D9F5400886B44 /* MoodSelectionViewController.swift in Sources */ = {isa = PBXBuildFile; fileRef = 953433E0234D9F5400886B44 /* MoodSelectionViewController.swift */; };
		953433E3234DA29800886B44 /* MoodListViewController.swift in Sources */ = {isa = PBXBuildFile; fileRef = 953433E2234DA29800886B44 /* MoodListViewController.swift */; };
		95DFBBAD234DA41800802F5A /* MoodsConfigurable.swift in Sources */ = {isa = PBXBuildFile; fileRef = 95DFBBAC234DA41800802F5A /* MoodsConfigurable.swift */; };
/* End PBXBuildFile section */

/* Begin PBXContainerItemProxy section */
		953433BC234D97F700886B44 /* PBXContainerItemProxy */ = {
			isa = PBXContainerItemProxy;
			containerPortal = 9534339D234D97F600886B44 /* Project object */;
			proxyType = 1;
			remoteGlobalIDString = 953433A4234D97F600886B44;
			remoteInfo = Mandala;
		};
		953433C7234D97F700886B44 /* PBXContainerItemProxy */ = {
			isa = PBXContainerItemProxy;
			containerPortal = 9534339D234D97F600886B44 /* Project object */;
			proxyType = 1;
			remoteGlobalIDString = 953433A4234D97F600886B44;
			remoteInfo = Mandala;
		};
/* End PBXContainerItemProxy section */

/* Begin PBXFileReference section */
		953433A5234D97F600886B44 /* Mandala.app */ = {isa = PBXFileReference; explicitFileType = wrapper.application; includeInIndex = 0; path = Mandala.app; sourceTree = BUILT_PRODUCTS_DIR; };
		953433A8234D97F600886B44 /* AppDelegate.swift */ = {isa = PBXFileReference; lastKnownFileType = sourcecode.swift; path = AppDelegate.swift; sourceTree = "<group>"; };
		953433AA234D97F600886B44 /* SceneDelegate.swift */ = {isa = PBXFileReference; lastKnownFileType = sourcecode.swift; path = SceneDelegate.swift; sourceTree = "<group>"; };
		953433AF234D97F600886B44 /* Base */ = {isa = PBXFileReference; lastKnownFileType = file.storyboard; name = Base; path = Base.lproj/Main.storyboard; sourceTree = "<group>"; };
		953433B1234D97F700886B44 /* Assets.xcassets */ = {isa = PBXFileReference; lastKnownFileType = folder.assetcatalog; path = Assets.xcassets; sourceTree = "<group>"; };
		953433B4234D97F700886B44 /* Base */ = {isa = PBXFileReference; lastKnownFileType = file.storyboard; name = Base; path = Base.lproj/LaunchScreen.storyboard; sourceTree = "<group>"; };
		953433B6234D97F700886B44 /* Info.plist */ = {isa = PBXFileReference; lastKnownFileType = text.plist.xml; path = Info.plist; sourceTree = "<group>"; };
		953433BB234D97F700886B44 /* MandalaTests.xctest */ = {isa = PBXFileReference; explicitFileType = wrapper.cfbundle; includeInIndex = 0; path = MandalaTests.xctest; sourceTree = BUILT_PRODUCTS_DIR; };
		953433BF234D97F700886B44 /* MandalaTests.swift */ = {isa = PBXFileReference; lastKnownFileType = sourcecode.swift; path = MandalaTests.swift; sourceTree = "<group>"; };
		953433C1234D97F700886B44 /* Info.plist */ = {isa = PBXFileReference; lastKnownFileType = text.plist.xml; path = Info.plist; sourceTree = "<group>"; };
		953433C6234D97F700886B44 /* MandalaUITests.xctest */ = {isa = PBXFileReference; explicitFileType = wrapper.cfbundle; includeInIndex = 0; path = MandalaUITests.xctest; sourceTree = BUILT_PRODUCTS_DIR; };
		953433CA234D97F700886B44 /* MandalaUITests.swift */ = {isa = PBXFileReference; lastKnownFileType = sourcecode.swift; path = MandalaUITests.swift; sourceTree = "<group>"; };
		953433CC234D97F700886B44 /* Info.plist */ = {isa = PBXFileReference; lastKnownFileType = text.plist.xml; path = Info.plist; sourceTree = "<group>"; };
		953433D8234D984000886B44 /* Mood.swift */ = {isa = PBXFileReference; lastKnownFileType = sourcecode.swift; path = Mood.swift; sourceTree = "<group>"; };
		953433DA234D987400886B44 /* MoodEntry.swift */ = {isa = PBXFileReference; lastKnownFileType = sourcecode.swift; path = MoodEntry.swift; sourceTree = "<group>"; };
		953433DC234D9B1500886B44 /* UIColor+Extension.swift */ = {isa = PBXFileReference; lastKnownFileType = sourcecode.swift; path = "UIColor+Extension.swift"; sourceTree = "<group>"; };
		953433DE234D9B6C00886B44 /* UIImage+Extension.swift */ = {isa = PBXFileReference; lastKnownFileType = sourcecode.swift; path = "UIImage+Extension.swift"; sourceTree = "<group>"; };
		953433E0234D9F5400886B44 /* MoodSelectionViewController.swift */ = {isa = PBXFileReference; lastKnownFileType = sourcecode.swift; path = MoodSelectionViewController.swift; sourceTree = "<group>"; };
		953433E2234DA29800886B44 /* MoodListViewController.swift */ = {isa = PBXFileReference; lastKnownFileType = sourcecode.swift; path = MoodListViewController.swift; sourceTree = "<group>"; };
		95DFBBAC234DA41800802F5A /* MoodsConfigurable.swift */ = {isa = PBXFileReference; lastKnownFileType = sourcecode.swift; path = MoodsConfigurable.swift; sourceTree = "<group>"; };
/* End PBXFileReference section */

/* Begin PBXFrameworksBuildPhase section */
		953433A2234D97F600886B44 /* Frameworks */ = {
			isa = PBXFrameworksBuildPhase;
			buildActionMask = 2147483647;
			files = (
			);
			runOnlyForDeploymentPostprocessing = 0;
		};
		953433B8234D97F700886B44 /* Frameworks */ = {
			isa = PBXFrameworksBuildPhase;
			buildActionMask = 2147483647;
			files = (
			);
			runOnlyForDeploymentPostprocessing = 0;
		};
		953433C3234D97F700886B44 /* Frameworks */ = {
			isa = PBXFrameworksBuildPhase;
			buildActionMask = 2147483647;
			files = (
			);
			runOnlyForDeploymentPostprocessing = 0;
		};
/* End PBXFrameworksBuildPhase section */

/* Begin PBXGroup section */
		9534339C234D97F600886B44 = {
			isa = PBXGroup;
			children = (
				953433A7234D97F600886B44 /* Mandala */,
				953433BE234D97F700886B44 /* MandalaTests */,
				953433C9234D97F700886B44 /* MandalaUITests */,
				953433A6234D97F600886B44 /* Products */,
			);
			sourceTree = "<group>";
		};
		953433A6234D97F600886B44 /* Products */ = {
			isa = PBXGroup;
			children = (
				953433A5234D97F600886B44 /* Mandala.app */,
				953433BB234D97F700886B44 /* MandalaTests.xctest */,
				953433C6234D97F700886B44 /* MandalaUITests.xctest */,
			);
			name = Products;
			sourceTree = "<group>";
		};
		953433A7234D97F600886B44 /* Mandala */ = {
			isa = PBXGroup;
			children = (
				953433D8234D984000886B44 /* Mood.swift */,
				953433DA234D987400886B44 /* MoodEntry.swift */,
				953433DC234D9B1500886B44 /* UIColor+Extension.swift */,
				953433DE234D9B6C00886B44 /* UIImage+Extension.swift */,
				953433A8234D97F600886B44 /* AppDelegate.swift */,
				953433AA234D97F600886B44 /* SceneDelegate.swift */,
				953433AE234D97F600886B44 /* Main.storyboard */,
				95DFBBAC234DA41800802F5A /* MoodsConfigurable.swift */,
				953433E0234D9F5400886B44 /* MoodSelectionViewController.swift */,
				953433E2234DA29800886B44 /* MoodListViewController.swift */,
				953433B1234D97F700886B44 /* Assets.xcassets */,
				953433B3234D97F700886B44 /* LaunchScreen.storyboard */,
				953433B6234D97F700886B44 /* Info.plist */,
			);
			path = Mandala;
			sourceTree = "<group>";
		};
		953433BE234D97F700886B44 /* MandalaTests */ = {
			isa = PBXGroup;
			children = (
				953433BF234D97F700886B44 /* MandalaTests.swift */,
				953433C1234D97F700886B44 /* Info.plist */,
			);
			path = MandalaTests;
			sourceTree = "<group>";
		};
		953433C9234D97F700886B44 /* MandalaUITests */ = {
			isa = PBXGroup;
			children = (
				953433CA234D97F700886B44 /* MandalaUITests.swift */,
				953433CC234D97F700886B44 /* Info.plist */,
			);
			path = MandalaUITests;
			sourceTree = "<group>";
		};
/* End PBXGroup section */

/* Begin PBXNativeTarget section */
		953433A4234D97F600886B44 /* Mandala */ = {
			isa = PBXNativeTarget;
			buildConfigurationList = 953433CF234D97F700886B44 /* Build configuration list for PBXNativeTarget "Mandala" */;
			buildPhases = (
				953433A1234D97F600886B44 /* Sources */,
				953433A2234D97F600886B44 /* Frameworks */,
				953433A3234D97F600886B44 /* Resources */,
			);
			buildRules = (
			);
			dependencies = (
			);
			name = Mandala;
			productName = Mandala;
			productReference = 953433A5234D97F600886B44 /* Mandala.app */;
			productType = "com.apple.product-type.application";
		};
		953433BA234D97F700886B44 /* MandalaTests */ = {
			isa = PBXNativeTarget;
			buildConfigurationList = 953433D2234D97F700886B44 /* Build configuration list for PBXNativeTarget "MandalaTests" */;
			buildPhases = (
				953433B7234D97F700886B44 /* Sources */,
				953433B8234D97F700886B44 /* Frameworks */,
				953433B9234D97F700886B44 /* Resources */,
			);
			buildRules = (
			);
			dependencies = (
				953433BD234D97F700886B44 /* PBXTargetDependency */,
			);
			name = MandalaTests;
			productName = MandalaTests;
			productReference = 953433BB234D97F700886B44 /* MandalaTests.xctest */;
			productType = "com.apple.product-type.bundle.unit-test";
		};
		953433C5234D97F700886B44 /* MandalaUITests */ = {
			isa = PBXNativeTarget;
			buildConfigurationList = 953433D5234D97F700886B44 /* Build configuration list for PBXNativeTarget "MandalaUITests" */;
			buildPhases = (
				953433C2234D97F700886B44 /* Sources */,
				953433C3234D97F700886B44 /* Frameworks */,
				953433C4234D97F700886B44 /* Resources */,
			);
			buildRules = (
			);
			dependencies = (
				953433C8234D97F700886B44 /* PBXTargetDependency */,
			);
			name = MandalaUITests;
			productName = MandalaUITests;
			productReference = 953433C6234D97F700886B44 /* MandalaUITests.xctest */;
			productType = "com.apple.product-type.bundle.ui-testing";
		};
/* End PBXNativeTarget section */

/* Begin PBXProject section */
		9534339D234D97F600886B44 /* Project object */ = {
			isa = PBXProject;
			attributes = {
				LastSwiftUpdateCheck = 1110;
				LastUpgradeCheck = 1110;
				ORGANIZATIONNAME = "Big Nerd Ranch";
				TargetAttributes = {
					953433A4234D97F600886B44 = {
						CreatedOnToolsVersion = 11.1;
					};
					953433BA234D97F700886B44 = {
						CreatedOnToolsVersion = 11.1;
						TestTargetID = 953433A4234D97F600886B44;
					};
					953433C5234D97F700886B44 = {
						CreatedOnToolsVersion = 11.1;
						TestTargetID = 953433A4234D97F600886B44;
					};
				};
			};
			buildConfigurationList = 953433A0234D97F600886B44 /* Build configuration list for PBXProject "Mandala" */;
			compatibilityVersion = "Xcode 9.3";
			developmentRegion = en;
			hasScannedForEncodings = 0;
			knownRegions = (
				en,
				Base,
			);
			mainGroup = 9534339C234D97F600886B44;
			productRefGroup = 953433A6234D97F600886B44 /* Products */;
			projectDirPath = "";
			projectRoot = "";
			targets = (
				953433A4234D97F600886B44 /* Mandala */,
				953433BA234D97F700886B44 /* MandalaTests */,
				953433C5234D97F700886B44 /* MandalaUITests */,
			);
		};
/* End PBXProject section */

/* Begin PBXResourcesBuildPhase section */
		953433A3234D97F600886B44 /* Resources */ = {
			isa = PBXResourcesBuildPhase;
			buildActionMask = 2147483647;
			files = (
				953433B5234D97F700886B44 /* LaunchScreen.storyboard in Resources */,
				953433B2234D97F700886B44 /* Assets.xcassets in Resources */,
				953433B0234D97F600886B44 /* Main.storyboard in Resources */,
			);
			runOnlyForDeploymentPostprocessing = 0;
		};
		953433B9234D97F700886B44 /* Resources */ = {
			isa = PBXResourcesBuildPhase;
			buildActionMask = 2147483647;
			files = (
			);
			runOnlyForDeploymentPostprocessing = 0;
		};
		953433C4234D97F700886B44 /* Resources */ = {
			isa = PBXResourcesBuildPhase;
			buildActionMask = 2147483647;
			files = (
			);
			runOnlyForDeploymentPostprocessing = 0;
		};
/* End PBXResourcesBuildPhase section */

/* Begin PBXSourcesBuildPhase section */
		953433A1234D97F600886B44 /* Sources */ = {
			isa = PBXSourcesBuildPhase;
			buildActionMask = 2147483647;
			files = (
				953433D9234D984000886B44 /* Mood.swift in Sources */,
				953433E3234DA29800886B44 /* MoodListViewController.swift in Sources */,
				953433DF234D9B6C00886B44 /* UIImage+Extension.swift in Sources */,
				953433DB234D987400886B44 /* MoodEntry.swift in Sources */,
				95DFBBAD234DA41800802F5A /* MoodsConfigurable.swift in Sources */,
				953433DD234D9B1500886B44 /* UIColor+Extension.swift in Sources */,
				953433E1234D9F5400886B44 /* MoodSelectionViewController.swift in Sources */,
				953433A9234D97F600886B44 /* AppDelegate.swift in Sources */,
				953433AB234D97F600886B44 /* SceneDelegate.swift in Sources */,
			);
			runOnlyForDeploymentPostprocessing = 0;
		};
		953433B7234D97F700886B44 /* Sources */ = {
			isa = PBXSourcesBuildPhase;
			buildActionMask = 2147483647;
			files = (
				953433C0234D97F700886B44 /* MandalaTests.swift in Sources */,
			);
			runOnlyForDeploymentPostprocessing = 0;
		};
		953433C2234D97F700886B44 /* Sources */ = {
			isa = PBXSourcesBuildPhase;
			buildActionMask = 2147483647;
			files = (
				953433CB234D97F700886B44 /* MandalaUITests.swift in Sources */,
			);
			runOnlyForDeploymentPostprocessing = 0;
		};
/* End PBXSourcesBuildPhase section */

/* Begin PBXTargetDependency section */
		953433BD234D97F700886B44 /* PBXTargetDependency */ = {
			isa = PBXTargetDependency;
			target = 953433A4234D97F600886B44 /* Mandala */;
			targetProxy = 953433BC234D97F700886B44 /* PBXContainerItemProxy */;
		};
		953433C8234D97F700886B44 /* PBXTargetDependency */ = {
			isa = PBXTargetDependency;
			target = 953433A4234D97F600886B44 /* Mandala */;
			targetProxy = 953433C7234D97F700886B44 /* PBXContainerItemProxy */;
		};
/* End PBXTargetDependency section */

/* Begin PBXVariantGroup section */
		953433AE234D97F600886B44 /* Main.storyboard */ = {
			isa = PBXVariantGroup;
			children = (
				953433AF234D97F600886B44 /* Base */,
			);
			name = Main.storyboard;
			sourceTree = "<group>";
		};
		953433B3234D97F700886B44 /* LaunchScreen.storyboard */ = {
			isa = PBXVariantGroup;
			children = (
				953433B4234D97F700886B44 /* Base */,
			);
			name = LaunchScreen.storyboard;
			sourceTree = "<group>";
		};
/* End PBXVariantGroup section */

/* Begin XCBuildConfiguration section */
		953433CD234D97F700886B44 /* Debug */ = {
			isa = XCBuildConfiguration;
			buildSettings = {
				ALWAYS_SEARCH_USER_PATHS = NO;
				CLANG_ANALYZER_NONNULL = YES;
				CLANG_ANALYZER_NUMBER_OBJECT_CONVERSION = YES_AGGRESSIVE;
				CLANG_CXX_LANGUAGE_STANDARD = "gnu++14";
				CLANG_CXX_LIBRARY = "libc++";
				CLANG_ENABLE_MODULES = YES;
				CLANG_ENABLE_OBJC_ARC = YES;
				CLANG_ENABLE_OBJC_WEAK = YES;
				CLANG_WARN_BLOCK_CAPTURE_AUTORELEASING = YES;
				CLANG_WARN_BOOL_CONVERSION = YES;
				CLANG_WARN_COMMA = YES;
				CLANG_WARN_CONSTANT_CONVERSION = YES;
				CLANG_WARN_DEPRECATED_OBJC_IMPLEMENTATIONS = YES;
				CLANG_WARN_DIRECT_OBJC_ISA_USAGE = YES_ERROR;
				CLANG_WARN_DOCUMENTATION_COMMENTS = YES;
				CLANG_WARN_EMPTY_BODY = YES;
				CLANG_WARN_ENUM_CONVERSION = YES;
				CLANG_WARN_INFINITE_RECURSION = YES;
				CLANG_WARN_INT_CONVERSION = YES;
				CLANG_WARN_NON_LITERAL_NULL_CONVERSION = YES;
				CLANG_WARN_OBJC_IMPLICIT_RETAIN_SELF = YES;
				CLANG_WARN_OBJC_LITERAL_CONVERSION = YES;
				CLANG_WARN_OBJC_ROOT_CLASS = YES_ERROR;
				CLANG_WARN_RANGE_LOOP_ANALYSIS = YES;
				CLANG_WARN_STRICT_PROTOTYPES = YES;
				CLANG_WARN_SUSPICIOUS_MOVE = YES;
				CLANG_WARN_UNGUARDED_AVAILABILITY = YES_AGGRESSIVE;
				CLANG_WARN_UNREACHABLE_CODE = YES;
				CLANG_WARN__DUPLICATE_METHOD_MATCH = YES;
				COPY_PHASE_STRIP = NO;
				DEBUG_INFORMATION_FORMAT = dwarf;
				ENABLE_STRICT_OBJC_MSGSEND = YES;
				ENABLE_TESTABILITY = YES;
				GCC_C_LANGUAGE_STANDARD = gnu11;
				GCC_DYNAMIC_NO_PIC = NO;
				GCC_NO_COMMON_BLOCKS = YES;
				GCC_OPTIMIZATION_LEVEL = 0;
				GCC_PREPROCESSOR_DEFINITIONS = (
					"DEBUG=1",
					"$(inherited)",
				);
				GCC_WARN_64_TO_32_BIT_CONVERSION = YES;
				GCC_WARN_ABOUT_RETURN_TYPE = YES_ERROR;
				GCC_WARN_UNDECLARED_SELECTOR = YES;
				GCC_WARN_UNINITIALIZED_AUTOS = YES_AGGRESSIVE;
				GCC_WARN_UNUSED_FUNCTION = YES;
				GCC_WARN_UNUSED_VARIABLE = YES;
				IPHONEOS_DEPLOYMENT_TARGET = 13.1;
				MTL_ENABLE_DEBUG_INFO = INCLUDE_SOURCE;
				MTL_FAST_MATH = YES;
				ONLY_ACTIVE_ARCH = YES;
				SDKROOT = iphoneos;
				SWIFT_ACTIVE_COMPILATION_CONDITIONS = DEBUG;
				SWIFT_OPTIMIZATION_LEVEL = "-Onone";
			};
			name = Debug;
		};
		953433CE234D97F700886B44 /* Release */ = {
			isa = XCBuildConfiguration;
			buildSettings = {
				ALWAYS_SEARCH_USER_PATHS = NO;
				CLANG_ANALYZER_NONNULL = YES;
				CLANG_ANALYZER_NUMBER_OBJECT_CONVERSION = YES_AGGRESSIVE;
				CLANG_CXX_LANGUAGE_STANDARD = "gnu++14";
				CLANG_CXX_LIBRARY = "libc++";
				CLANG_ENABLE_MODULES = YES;
				CLANG_ENABLE_OBJC_ARC = YES;
				CLANG_ENABLE_OBJC_WEAK = YES;
				CLANG_WARN_BLOCK_CAPTURE_AUTORELEASING = YES;
				CLANG_WARN_BOOL_CONVERSION = YES;
				CLANG_WARN_COMMA = YES;
				CLANG_WARN_CONSTANT_CONVERSION = YES;
				CLANG_WARN_DEPRECATED_OBJC_IMPLEMENTATIONS = YES;
				CLANG_WARN_DIRECT_OBJC_ISA_USAGE = YES_ERROR;
				CLANG_WARN_DOCUMENTATION_COMMENTS = YES;
				CLANG_WARN_EMPTY_BODY = YES;
				CLANG_WARN_ENUM_CONVERSION = YES;
				CLANG_WARN_INFINITE_RECURSION = YES;
				CLANG_WARN_INT_CONVERSION = YES;
				CLANG_WARN_NON_LITERAL_NULL_CONVERSION = YES;
				CLANG_WARN_OBJC_IMPLICIT_RETAIN_SELF = YES;
				CLANG_WARN_OBJC_LITERAL_CONVERSION = YES;
				CLANG_WARN_OBJC_ROOT_CLASS = YES_ERROR;
				CLANG_WARN_RANGE_LOOP_ANALYSIS = YES;
				CLANG_WARN_STRICT_PROTOTYPES = YES;
				CLANG_WARN_SUSPICIOUS_MOVE = YES;
				CLANG_WARN_UNGUARDED_AVAILABILITY = YES_AGGRESSIVE;
				CLANG_WARN_UNREACHABLE_CODE = YES;
				CLANG_WARN__DUPLICATE_METHOD_MATCH = YES;
				COPY_PHASE_STRIP = NO;
				DEBUG_INFORMATION_FORMAT = "dwarf-with-dsym";
				ENABLE_NS_ASSERTIONS = NO;
				ENABLE_STRICT_OBJC_MSGSEND = YES;
				GCC_C_LANGUAGE_STANDARD = gnu11;
				GCC_NO_COMMON_BLOCKS = YES;
				GCC_WARN_64_TO_32_BIT_CONVERSION = YES;
				GCC_WARN_ABOUT_RETURN_TYPE = YES_ERROR;
				GCC_WARN_UNDECLARED_SELECTOR = YES;
				GCC_WARN_UNINITIALIZED_AUTOS = YES_AGGRESSIVE;
				GCC_WARN_UNUSED_FUNCTION = YES;
				GCC_WARN_UNUSED_VARIABLE = YES;
				IPHONEOS_DEPLOYMENT_TARGET = 13.1;
				MTL_ENABLE_DEBUG_INFO = NO;
				MTL_FAST_MATH = YES;
				SDKROOT = iphoneos;
				SWIFT_COMPILATION_MODE = wholemodule;
				SWIFT_OPTIMIZATION_LEVEL = "-O";
				VALIDATE_PRODUCT = YES;
			};
			name = Release;
		};
		953433D0234D97F700886B44 /* Debug */ = {
			isa = XCBuildConfiguration;
			buildSettings = {
				ASSETCATALOG_COMPILER_APPICON_NAME = AppIcon;
				CODE_SIGN_STYLE = Automatic;
				INFOPLIST_FILE = Mandala/Info.plist;
				LD_RUNPATH_SEARCH_PATHS = (
					"$(inherited)",
					"@executable_path/Frameworks",
				);
				PRODUCT_BUNDLE_IDENTIFIER = com.bignerdranch.Mandala;
				PRODUCT_NAME = "$(TARGET_NAME)";
				SWIFT_VERSION = 5.0;
				TARGETED_DEVICE_FAMILY = "1,2";
			};
			name = Debug;
		};
		953433D1234D97F700886B44 /* Release */ = {
			isa = XCBuildConfiguration;
			buildSettings = {
				ASSETCATALOG_COMPILER_APPICON_NAME = AppIcon;
				CODE_SIGN_STYLE = Automatic;
				INFOPLIST_FILE = Mandala/Info.plist;
				LD_RUNPATH_SEARCH_PATHS = (
					"$(inherited)",
					"@executable_path/Frameworks",
				);
				PRODUCT_BUNDLE_IDENTIFIER = com.bignerdranch.Mandala;
				PRODUCT_NAME = "$(TARGET_NAME)";
				SWIFT_VERSION = 5.0;
				TARGETED_DEVICE_FAMILY = "1,2";
			};
			name = Release;
		};
		953433D3234D97F700886B44 /* Debug */ = {
			isa = XCBuildConfiguration;
			buildSettings = {
				ALWAYS_EMBED_SWIFT_STANDARD_LIBRARIES = YES;
				BUNDLE_LOADER = "$(TEST_HOST)";
				CODE_SIGN_STYLE = Automatic;
				INFOPLIST_FILE = MandalaTests/Info.plist;
				IPHONEOS_DEPLOYMENT_TARGET = 13.1;
				LD_RUNPATH_SEARCH_PATHS = (
					"$(inherited)",
					"@executable_path/Frameworks",
					"@loader_path/Frameworks",
				);
				PRODUCT_BUNDLE_IDENTIFIER = com.bignerdranch.MandalaTests;
				PRODUCT_NAME = "$(TARGET_NAME)";
				SWIFT_VERSION = 5.0;
				TARGETED_DEVICE_FAMILY = "1,2";
				TEST_HOST = "$(BUILT_PRODUCTS_DIR)/Mandala.app/Mandala";
			};
			name = Debug;
		};
		953433D4234D97F700886B44 /* Release */ = {
			isa = XCBuildConfiguration;
			buildSettings = {
				ALWAYS_EMBED_SWIFT_STANDARD_LIBRARIES = YES;
				BUNDLE_LOADER = "$(TEST_HOST)";
				CODE_SIGN_STYLE = Automatic;
				INFOPLIST_FILE = MandalaTests/Info.plist;
				IPHONEOS_DEPLOYMENT_TARGET = 13.1;
				LD_RUNPATH_SEARCH_PATHS = (
					"$(inherited)",
					"@executable_path/Frameworks",
					"@loader_path/Frameworks",
				);
				PRODUCT_BUNDLE_IDENTIFIER = com.bignerdranch.MandalaTests;
				PRODUCT_NAME = "$(TARGET_NAME)";
				SWIFT_VERSION = 5.0;
				TARGETED_DEVICE_FAMILY = "1,2";
				TEST_HOST = "$(BUILT_PRODUCTS_DIR)/Mandala.app/Mandala";
			};
			name = Release;
		};
		953433D6234D97F700886B44 /* Debug */ = {
			isa = XCBuildConfiguration;
			buildSettings = {
				ALWAYS_EMBED_SWIFT_STANDARD_LIBRARIES = YES;
				CODE_SIGN_STYLE = Automatic;
				INFOPLIST_FILE = MandalaUITests/Info.plist;
				LD_RUNPATH_SEARCH_PATHS = (
					"$(inherited)",
					"@executable_path/Frameworks",
					"@loader_path/Frameworks",
				);
				PRODUCT_BUNDLE_IDENTIFIER = com.bignerdranch.MandalaUITests;
				PRODUCT_NAME = "$(TARGET_NAME)";
				SWIFT_VERSION = 5.0;
				TARGETED_DEVICE_FAMILY = "1,2";
				TEST_TARGET_NAME = Mandala;
			};
			name = Debug;
		};
		953433D7234D97F700886B44 /* Release */ = {
			isa = XCBuildConfiguration;
			buildSettings = {
				ALWAYS_EMBED_SWIFT_STANDARD_LIBRARIES = YES;
				CODE_SIGN_STYLE = Automatic;
				INFOPLIST_FILE = MandalaUITests/Info.plist;
				LD_RUNPATH_SEARCH_PATHS = (
					"$(inherited)",
					"@executable_path/Frameworks",
					"@loader_path/Frameworks",
				);
				PRODUCT_BUNDLE_IDENTIFIER = com.bignerdranch.MandalaUITests;
				PRODUCT_NAME = "$(TARGET_NAME)";
				SWIFT_VERSION = 5.0;
				TARGETED_DEVICE_FAMILY = "1,2";
				TEST_TARGET_NAME = Mandala;
			};
			name = Release;
		};
/* End XCBuildConfiguration section */

/* Begin XCConfigurationList section */
		953433A0234D97F600886B44 /* Build configuration list for PBXProject "Mandala" */ = {
			isa = XCConfigurationList;
			buildConfigurations = (
				953433CD234D97F700886B44 /* Debug */,
				953433CE234D97F700886B44 /* Release */,
			);
			defaultConfigurationIsVisible = 0;
			defaultConfigurationName = Release;
		};
		953433CF234D97F700886B44 /* Build configuration list for PBXNativeTarget "Mandala" */ = {
			isa = XCConfigurationList;
			buildConfigurations = (
				953433D0234D97F700886B44 /* Debug */,
				953433D1234D97F700886B44 /* Release */,
			);
			defaultConfigurationIsVisible = 0;
			defaultConfigurationName = Release;
		};
		953433D2234D97F700886B44 /* Build configuration list for PBXNativeTarget "MandalaTests" */ = {
			isa = XCConfigurationList;
			buildConfigurations = (
				953433D3234D97F700886B44 /* Debug */,
				953433D4234D97F700886B44 /* Release */,
			);
			defaultConfigurationIsVisible = 0;
			defaultConfigurationName = Release;
		};
		953433D5234D97F700886B44 /* Build configuration list for PBXNativeTarget "MandalaUITests" */ = {
			isa = XCConfigurationList;
			buildConfigurations = (
				953433D6234D97F700886B44 /* Debug */,
				953433D7234D97F700886B44 /* Release */,
			);
			defaultConfigurationIsVisible = 0;
			defaultConfigurationName = Release;
		};
/* End XCConfigurationList section */
	};
	rootObject = 9534339D234D97F600886B44 /* Project object */;
}
