// !$*UTF8*$!
{
	archiveVersion = 1;
	classes = {
	};
	objectVersion = 50;
	objects = {

/* Begin PBXBuildFile section */
		8D91DFE9251648EF007BD01A /* AppDelegate.swift in Sources */ = {isa = PBXBuildFile; fileRef = 8D91DFE8251648EF007BD01A /* AppDelegate.swift */; };
		8D91DFEB251648EF007BD01A /* SceneDelegate.swift in Sources */ = {isa = PBXBuildFile; fileRef = 8D91DFEA251648EF007BD01A /* SceneDelegate.swift */; };
		8D91DFED251648EF007BD01A /* ViewController.swift in Sources */ = {isa = PBXBuildFile; fileRef = 8D91DFEC251648EF007BD01A /* ViewController.swift */; };
		8D91DFF0251648EF007BD01A /* Main.storyboard in Resources */ = {isa = PBXBuildFile; fileRef = 8D91DFEE251648EF007BD01A /* Main.storyboard */; };
		8D91DFF2251648F2007BD01A /* Assets.xcassets in Resources */ = {isa = PBXBuildFile; fileRef = 8D91DFF1251648F2007BD01A /* Assets.xcassets */; };
		8D91DFF5251648F2007BD01A /* LaunchScreen.storyboard in Resources */ = {isa = PBXBuildFile; fileRef = 8D91DFF3251648F2007BD01A /* LaunchScreen.storyboard */; };
		8D91E000251648F2007BD01A /* QuizTests.swift in Sources */ = {isa = PBXBuildFile; fileRef = 8D91DFFF251648F2007BD01A /* QuizTests.swift */; };
		8D91E00B251648F2007BD01A /* QuizUITests.swift in Sources */ = {isa = PBXBuildFile; fileRef = 8D91E00A251648F2007BD01A /* QuizUITests.swift */; };
/* End PBXBuildFile section */

/* Begin PBXContainerItemProxy section */
		8D91DFFC251648F2007BD01A /* PBXContainerItemProxy */ = {
			isa = PBXContainerItemProxy;
			containerPortal = 8D91DFDD251648EF007BD01A /* Project object */;
			proxyType = 1;
			remoteGlobalIDString = 8D91DFE4251648EF007BD01A;
			remoteInfo = Quiz;
		};
		8D91E007251648F2007BD01A /* PBXContainerItemProxy */ = {
			isa = PBXContainerItemProxy;
			containerPortal = 8D91DFDD251648EF007BD01A /* Project object */;
			proxyType = 1;
			remoteGlobalIDString = 8D91DFE4251648EF007BD01A;
			remoteInfo = Quiz;
		};
/* End PBXContainerItemProxy section */

/* Begin PBXFileReference section */
		8D91DFE5251648EF007BD01A /* Quiz.app */ = {isa = PBXFileReference; explicitFileType = wrapper.application; includeInIndex = 0; path = Quiz.app; sourceTree = BUILT_PRODUCTS_DIR; };
		8D91DFE8251648EF007BD01A /* AppDelegate.swift */ = {isa = PBXFileReference; lastKnownFileType = sourcecode.swift; path = AppDelegate.swift; sourceTree = "<group>"; };
		8D91DFEA251648EF007BD01A /* SceneDelegate.swift */ = {isa = PBXFileReference; lastKnownFileType = sourcecode.swift; path = SceneDelegate.swift; sourceTree = "<group>"; };
		8D91DFEC251648EF007BD01A /* ViewController.swift */ = {isa = PBXFileReference; lastKnownFileType = sourcecode.swift; path = ViewController.swift; sourceTree = "<group>"; };
		8D91DFEF251648EF007BD01A /* Base */ = {isa = PBXFileReference; lastKnownFileType = file.storyboard; name = Base; path = Base.lproj/Main.storyboard; sourceTree = "<group>"; };
		8D91DFF1251648F2007BD01A /* Assets.xcassets */ = {isa = PBXFileReference; lastKnownFileType = folder.assetcatalog; path = Assets.xcassets; sourceTree = "<group>"; };
		8D91DFF4251648F2007BD01A /* Base */ = {isa = PBXFileReference; lastKnownFileType = file.storyboard; name = Base; path = Base.lproj/LaunchScreen.storyboard; sourceTree = "<group>"; };
		8D91DFF6251648F2007BD01A /* Info.plist */ = {isa = PBXFileReference; lastKnownFileType = text.plist.xml; path = Info.plist; sourceTree = "<group>"; };
		8D91DFFB251648F2007BD01A /* QuizTests.xctest */ = {isa = PBXFileReference; explicitFileType = wrapper.cfbundle; includeInIndex = 0; path = QuizTests.xctest; sourceTree = BUILT_PRODUCTS_DIR; };
		8D91DFFF251648F2007BD01A /* QuizTests.swift */ = {isa = PBXFileReference; lastKnownFileType = sourcecode.swift; path = QuizTests.swift; sourceTree = "<group>"; };
		8D91E001251648F2007BD01A /* Info.plist */ = {isa = PBXFileReference; lastKnownFileType = text.plist.xml; path = Info.plist; sourceTree = "<group>"; };
		8D91E006251648F2007BD01A /* QuizUITests.xctest */ = {isa = PBXFileReference; explicitFileType = wrapper.cfbundle; includeInIndex = 0; path = QuizUITests.xctest; sourceTree = BUILT_PRODUCTS_DIR; };
		8D91E00A251648F2007BD01A /* QuizUITests.swift */ = {isa = PBXFileReference; lastKnownFileType = sourcecode.swift; path = QuizUITests.swift; sourceTree = "<group>"; };
		8D91E00C251648F2007BD01A /* Info.plist */ = {isa = PBXFileReference; lastKnownFileType = text.plist.xml; path = Info.plist; sourceTree = "<group>"; };
/* End PBXFileReference section */

/* Begin PBXFrameworksBuildPhase section */
		8D91DFE2251648EF007BD01A /* Frameworks */ = {
			isa = PBXFrameworksBuildPhase;
			buildActionMask = 2147483647;
			files = (
			);
			runOnlyForDeploymentPostprocessing = 0;
		};
		8D91DFF8251648F2007BD01A /* Frameworks */ = {
			isa = PBXFrameworksBuildPhase;
			buildActionMask = 2147483647;
			files = (
			);
			runOnlyForDeploymentPostprocessing = 0;
		};
		8D91E003251648F2007BD01A /* Frameworks */ = {
			isa = PBXFrameworksBuildPhase;
			buildActionMask = 2147483647;
			files = (
			);
			runOnlyForDeploymentPostprocessing = 0;
		};
/* End PBXFrameworksBuildPhase section */

/* Begin PBXGroup section */
		8D91DFDC251648EF007BD01A = {
			isa = PBXGroup;
			children = (
				8D91DFE7251648EF007BD01A /* Quiz */,
				8D91DFFE251648F2007BD01A /* QuizTests */,
				8D91E009251648F2007BD01A /* QuizUITests */,
				8D91DFE6251648EF007BD01A /* Products */,
			);
			sourceTree = "<group>";
		};
		8D91DFE6251648EF007BD01A /* Products */ = {
			isa = PBXGroup;
			children = (
				8D91DFE5251648EF007BD01A /* Quiz.app */,
				8D91DFFB251648F2007BD01A /* QuizTests.xctest */,
				8D91E006251648F2007BD01A /* QuizUITests.xctest */,
			);
			name = Products;
			sourceTree = "<group>";
		};
		8D91DFE7251648EF007BD01A /* Quiz */ = {
			isa = PBXGroup;
			children = (
				8D91DFE8251648EF007BD01A /* AppDelegate.swift */,
				8D91DFEA251648EF007BD01A /* SceneDelegate.swift */,
				8D91DFEC251648EF007BD01A /* ViewController.swift */,
				8D91DFEE251648EF007BD01A /* Main.storyboard */,
				8D91DFF1251648F2007BD01A /* Assets.xcassets */,
				8D91DFF3251648F2007BD01A /* LaunchScreen.storyboard */,
				8D91DFF6251648F2007BD01A /* Info.plist */,
			);
			path = Quiz;
			sourceTree = "<group>";
		};
		8D91DFFE251648F2007BD01A /* QuizTests */ = {
			isa = PBXGroup;
			children = (
				8D91DFFF251648F2007BD01A /* QuizTests.swift */,
				8D91E001251648F2007BD01A /* Info.plist */,
			);
			path = QuizTests;
			sourceTree = "<group>";
		};
		8D91E009251648F2007BD01A /* QuizUITests */ = {
			isa = PBXGroup;
			children = (
				8D91E00A251648F2007BD01A /* QuizUITests.swift */,
				8D91E00C251648F2007BD01A /* Info.plist */,
			);
			path = QuizUITests;
			sourceTree = "<group>";
		};
/* End PBXGroup section */

/* Begin PBXNativeTarget section */
		8D91DFE4251648EF007BD01A /* Quiz */ = {
			isa = PBXNativeTarget;
			buildConfigurationList = 8D91E00F251648F2007BD01A /* Build configuration list for PBXNativeTarget "Quiz" */;
			buildPhases = (
				8D91DFE1251648EF007BD01A /* Sources */,
				8D91DFE2251648EF007BD01A /* Frameworks */,
				8D91DFE3251648EF007BD01A /* Resources */,
			);
			buildRules = (
			);
			dependencies = (
			);
			name = Quiz;
			productName = Quiz;
			productReference = 8D91DFE5251648EF007BD01A /* Quiz.app */;
			productType = "com.apple.product-type.application";
		};
		8D91DFFA251648F2007BD01A /* QuizTests */ = {
			isa = PBXNativeTarget;
			buildConfigurationList = 8D91E012251648F2007BD01A /* Build configuration list for PBXNativeTarget "QuizTests" */;
			buildPhases = (
				8D91DFF7251648F2007BD01A /* Sources */,
				8D91DFF8251648F2007BD01A /* Frameworks */,
				8D91DFF9251648F2007BD01A /* Resources */,
			);
			buildRules = (
			);
			dependencies = (
				8D91DFFD251648F2007BD01A /* PBXTargetDependency */,
			);
			name = QuizTests;
			productName = QuizTests;
			productReference = 8D91DFFB251648F2007BD01A /* QuizTests.xctest */;
			productType = "com.apple.product-type.bundle.unit-test";
		};
		8D91E005251648F2007BD01A /* QuizUITests */ = {
			isa = PBXNativeTarget;
			buildConfigurationList = 8D91E015251648F2007BD01A /* Build configuration list for PBXNativeTarget "QuizUITests" */;
			buildPhases = (
				8D91E002251648F2007BD01A /* Sources */,
				8D91E003251648F2007BD01A /* Frameworks */,
				8D91E004251648F2007BD01A /* Resources */,
			);
			buildRules = (
			);
			dependencies = (
				8D91E008251648F2007BD01A /* PBXTargetDependency */,
			);
			name = QuizUITests;
			productName = QuizUITests;
			productReference = 8D91E006251648F2007BD01A /* QuizUITests.xctest */;
			productType = "com.apple.product-type.bundle.ui-testing";
		};
/* End PBXNativeTarget section */

/* Begin PBXProject section */
		8D91DFDD251648EF007BD01A /* Project object */ = {
			isa = PBXProject;
			attributes = {
				LastSwiftUpdateCheck = 1200;
				LastUpgradeCheck = 1200;
				TargetAttributes = {
					8D91DFE4251648EF007BD01A = {
						CreatedOnToolsVersion = 12.0;
					};
					8D91DFFA251648F2007BD01A = {
						CreatedOnToolsVersion = 12.0;
						TestTargetID = 8D91DFE4251648EF007BD01A;
					};
					8D91E005251648F2007BD01A = {
						CreatedOnToolsVersion = 12.0;
						TestTargetID = 8D91DFE4251648EF007BD01A;
					};
				};
			};
			buildConfigurationList = 8D91DFE0251648EF007BD01A /* Build configuration list for PBXProject "Quiz" */;
			compatibilityVersion = "Xcode 9.3";
			developmentRegion = en;
			hasScannedForEncodings = 0;
			knownRegions = (
				en,
				Base,
			);
			mainGroup = 8D91DFDC251648EF007BD01A;
			productRefGroup = 8D91DFE6251648EF007BD01A /* Products */;
			projectDirPath = "";
			projectRoot = "";
			targets = (
				8D91DFE4251648EF007BD01A /* Quiz */,
				8D91DFFA251648F2007BD01A /* QuizTests */,
				8D91E005251648F2007BD01A /* QuizUITests */,
			);
		};
/* End PBXProject section */

/* Begin PBXResourcesBuildPhase section */
		8D91DFE3251648EF007BD01A /* Resources */ = {
			isa = PBXResourcesBuildPhase;
			buildActionMask = 2147483647;
			files = (
				8D91DFF5251648F2007BD01A /* LaunchScreen.storyboard in Resources */,
				8D91DFF2251648F2007BD01A /* Assets.xcassets in Resources */,
				8D91DFF0251648EF007BD01A /* Main.storyboard in Resources */,
			);
			runOnlyForDeploymentPostprocessing = 0;
		};
		8D91DFF9251648F2007BD01A /* Resources */ = {
			isa = PBXResourcesBuildPhase;
			buildActionMask = 2147483647;
			files = (
			);
			runOnlyForDeploymentPostprocessing = 0;
		};
		8D91E004251648F2007BD01A /* Resources */ = {
			isa = PBXResourcesBuildPhase;
			buildActionMask = 2147483647;
			files = (
			);
			runOnlyForDeploymentPostprocessing = 0;
		};
/* End PBXResourcesBuildPhase section */

/* Begin PBXSourcesBuildPhase section */
		8D91DFE1251648EF007BD01A /* Sources */ = {
			isa = PBXSourcesBuildPhase;
			buildActionMask = 2147483647;
			files = (
				8D91DFED251648EF007BD01A /* ViewController.swift in Sources */,
				8D91DFE9251648EF007BD01A /* AppDelegate.swift in Sources */,
				8D91DFEB251648EF007BD01A /* SceneDelegate.swift in Sources */,
			);
			runOnlyForDeploymentPostprocessing = 0;
		};
		8D91DFF7251648F2007BD01A /* Sources */ = {
			isa = PBXSourcesBuildPhase;
			buildActionMask = 2147483647;
			files = (
				8D91E000251648F2007BD01A /* QuizTests.swift in Sources */,
			);
			runOnlyForDeploymentPostprocessing = 0;
		};
		8D91E002251648F2007BD01A /* Sources */ = {
			isa = PBXSourcesBuildPhase;
			buildActionMask = 2147483647;
			files = (
				8D91E00B251648F2007BD01A /* QuizUITests.swift in Sources */,
			);
			runOnlyForDeploymentPostprocessing = 0;
		};
/* End PBXSourcesBuildPhase section */

/* Begin PBXTargetDependency section */
		8D91DFFD251648F2007BD01A /* PBXTargetDependency */ = {
			isa = PBXTargetDependency;
			target = 8D91DFE4251648EF007BD01A /* Quiz */;
			targetProxy = 8D91DFFC251648F2007BD01A /* PBXContainerItemProxy */;
		};
		8D91E008251648F2007BD01A /* PBXTargetDependency */ = {
			isa = PBXTargetDependency;
			target = 8D91DFE4251648EF007BD01A /* Quiz */;
			targetProxy = 8D91E007251648F2007BD01A /* PBXContainerItemProxy */;
		};
/* End PBXTargetDependency section */

/* Begin PBXVariantGroup section */
		8D91DFEE251648EF007BD01A /* Main.storyboard */ = {
			isa = PBXVariantGroup;
			children = (
				8D91DFEF251648EF007BD01A /* Base */,
			);
			name = Main.storyboard;
			sourceTree = "<group>";
		};
		8D91DFF3251648F2007BD01A /* LaunchScreen.storyboard */ = {
			isa = PBXVariantGroup;
			children = (
				8D91DFF4251648F2007BD01A /* Base */,
			);
			name = LaunchScreen.storyboard;
			sourceTree = "<group>";
		};
/* End PBXVariantGroup section */

/* Begin XCBuildConfiguration section */
		8D91E00D251648F2007BD01A /* Debug */ = {
			isa = XCBuildConfiguration;
			buildSettings = {
				ALWAYS_SEARCH_USER_PATHS = NO;
				CLANG_ANALYZER_NONNULL = YES;
				CLANG_ANALYZER_NUMBER_OBJECT_CONVERSION = YES_AGGRESSIVE;
				CLANG_CXX_LANGUAGE_STANDARD = "gnu++14";
				CLANG_CXX_LIBRARY = "libc++";
				CLANG_ENABLE_MODULES = YES;
				CLANG_ENABLE_OBJC_ARC = YES;
				CLANG_ENABLE_OBJC_WEAK = YES;
				CLANG_WARN_BLOCK_CAPTURE_AUTORELEASING = YES;
				CLANG_WARN_BOOL_CONVERSION = YES;
				CLANG_WARN_COMMA = YES;
				CLANG_WARN_CONSTANT_CONVERSION = YES;
				CLANG_WARN_DEPRECATED_OBJC_IMPLEMENTATIONS = YES;
				CLANG_WARN_DIRECT_OBJC_ISA_USAGE = YES_ERROR;
				CLANG_WARN_DOCUMENTATION_COMMENTS = YES;
				CLANG_WARN_EMPTY_BODY = YES;
				CLANG_WARN_ENUM_CONVERSION = YES;
				CLANG_WARN_INFINITE_RECURSION = YES;
				CLANG_WARN_INT_CONVERSION = YES;
				CLANG_WARN_NON_LITERAL_NULL_CONVERSION = YES;
				CLANG_WARN_OBJC_IMPLICIT_RETAIN_SELF = YES;
				CLANG_WARN_OBJC_LITERAL_CONVERSION = YES;
				CLANG_WARN_OBJC_ROOT_CLASS = YES_ERROR;
				CLANG_WARN_QUOTED_INCLUDE_IN_FRAMEWORK_HEADER = YES;
				CLANG_WARN_RANGE_LOOP_ANALYSIS = YES;
				CLANG_WARN_STRICT_PROTOTYPES = YES;
				CLANG_WARN_SUSPICIOUS_MOVE = YES;
				CLANG_WARN_UNGUARDED_AVAILABILITY = YES_AGGRESSIVE;
				CLANG_WARN_UNREACHABLE_CODE = YES;
				CLANG_WARN__DUPLICATE_METHOD_MATCH = YES;
				COPY_PHASE_STRIP = NO;
				DEBUG_INFORMATION_FORMAT = dwarf;
				ENABLE_STRICT_OBJC_MSGSEND = YES;
				ENABLE_TESTABILITY = YES;
				GCC_C_LANGUAGE_STANDARD = gnu11;
				GCC_DYNAMIC_NO_PIC = NO;
				GCC_NO_COMMON_BLOCKS = YES;
				GCC_OPTIMIZATION_LEVEL = 0;
				GCC_PREPROCESSOR_DEFINITIONS = (
					"DEBUG=1",
					"$(inherited)",
				);
				GCC_WARN_64_TO_32_BIT_CONVERSION = YES;
				GCC_WARN_ABOUT_RETURN_TYPE = YES_ERROR;
				GCC_WARN_UNDECLARED_SELECTOR = YES;
				GCC_WARN_UNINITIALIZED_AUTOS = YES_AGGRESSIVE;
				GCC_WARN_UNUSED_FUNCTION = YES;
				GCC_WARN_UNUSED_VARIABLE = YES;
				IPHONEOS_DEPLOYMENT_TARGET = 14.0;
				MTL_ENABLE_DEBUG_INFO = INCLUDE_SOURCE;
				MTL_FAST_MATH = YES;
				ONLY_ACTIVE_ARCH = YES;
				SDKROOT = iphoneos;
				SWIFT_ACTIVE_COMPILATION_CONDITIONS = DEBUG;
				SWIFT_OPTIMIZATION_LEVEL = "-Onone";
			};
			name = Debug;
		};
		8D91E00E251648F2007BD01A /* Release */ = {
			isa = XCBuildConfiguration;
			buildSettings = {
				ALWAYS_SEARCH_USER_PATHS = NO;
				CLANG_ANALYZER_NONNULL = YES;
				CLANG_ANALYZER_NUMBER_OBJECT_CONVERSION = YES_AGGRESSIVE;
				CLANG_CXX_LANGUAGE_STANDARD = "gnu++14";
				CLANG_CXX_LIBRARY = "libc++";
				CLANG_ENABLE_MODULES = YES;
				CLANG_ENABLE_OBJC_ARC = YES;
				CLANG_ENABLE_OBJC_WEAK = YES;
				CLANG_WARN_BLOCK_CAPTURE_AUTORELEASING = YES;
				CLANG_WARN_BOOL_CONVERSION = YES;
				CLANG_WARN_COMMA = YES;
				CLANG_WARN_CONSTANT_CONVERSION = YES;
				CLANG_WARN_DEPRECATED_OBJC_IMPLEMENTATIONS = YES;
				CLANG_WARN_DIRECT_OBJC_ISA_USAGE = YES_ERROR;
				CLANG_WARN_DOCUMENTATION_COMMENTS = YES;
				CLANG_WARN_EMPTY_BODY = YES;
				CLANG_WARN_ENUM_CONVERSION = YES;
				CLANG_WARN_INFINITE_RECURSION = YES;
				CLANG_WARN_INT_CONVERSION = YES;
				CLANG_WARN_NON_LITERAL_NULL_CONVERSION = YES;
				CLANG_WARN_OBJC_IMPLICIT_RETAIN_SELF = YES;
				CLANG_WARN_OBJC_LITERAL_CONVERSION = YES;
				CLANG_WARN_OBJC_ROOT_CLASS = YES_ERROR;
				CLANG_WARN_QUOTED_INCLUDE_IN_FRAMEWORK_HEADER = YES;
				CLANG_WARN_RANGE_LOOP_ANALYSIS = YES;
				CLANG_WARN_STRICT_PROTOTYPES = YES;
				CLANG_WARN_SUSPICIOUS_MOVE = YES;
				CLANG_WARN_UNGUARDED_AVAILABILITY = YES_AGGRESSIVE;
				CLANG_WARN_UNREACHABLE_CODE = YES;
				CLANG_WARN__DUPLICATE_METHOD_MATCH = YES;
				COPY_PHASE_STRIP = NO;
				DEBUG_INFORMATION_FORMAT = "dwarf-with-dsym";
				ENABLE_NS_ASSERTIONS = NO;
				ENABLE_STRICT_OBJC_MSGSEND = YES;
				GCC_C_LANGUAGE_STANDARD = gnu11;
				GCC_NO_COMMON_BLOCKS = YES;
				GCC_WARN_64_TO_32_BIT_CONVERSION = YES;
				GCC_WARN_ABOUT_RETURN_TYPE = YES_ERROR;
				GCC_WARN_UNDECLARED_SELECTOR = YES;
				GCC_WARN_UNINITIALIZED_AUTOS = YES_AGGRESSIVE;
				GCC_WARN_UNUSED_FUNCTION = YES;
				GCC_WARN_UNUSED_VARIABLE = YES;
				IPHONEOS_DEPLOYMENT_TARGET = 14.0;
				MTL_ENABLE_DEBUG_INFO = NO;
				MTL_FAST_MATH = YES;
				SDKROOT = iphoneos;
				SWIFT_COMPILATION_MODE = wholemodule;
				SWIFT_OPTIMIZATION_LEVEL = "-O";
				VALIDATE_PRODUCT = YES;
			};
			name = Release;
		};
		8D91E010251648F2007BD01A /* Debug */ = {
			isa = XCBuildConfiguration;
			buildSettings = {
				ASSETCATALOG_COMPILER_APPICON_NAME = AppIcon;
				ASSETCATALOG_COMPILER_GLOBAL_ACCENT_COLOR_NAME = AccentColor;
				CODE_SIGN_STYLE = Automatic;
				INFOPLIST_FILE = Quiz/Info.plist;
				LD_RUNPATH_SEARCH_PATHS = (
					"$(inherited)",
					"@executable_path/Frameworks",
				);
				PRODUCT_BUNDLE_IDENTIFIER = com.younoah.Quiz;
				PRODUCT_NAME = "$(TARGET_NAME)";
				SWIFT_VERSION = 5.0;
				TARGETED_DEVICE_FAMILY = "1,2";
			};
			name = Debug;
		};
		8D91E011251648F2007BD01A /* Release */ = {
			isa = XCBuildConfiguration;
			buildSettings = {
				ASSETCATALOG_COMPILER_APPICON_NAME = AppIcon;
				ASSETCATALOG_COMPILER_GLOBAL_ACCENT_COLOR_NAME = AccentColor;
				CODE_SIGN_STYLE = Automatic;
				INFOPLIST_FILE = Quiz/Info.plist;
				LD_RUNPATH_SEARCH_PATHS = (
					"$(inherited)",
					"@executable_path/Frameworks",
				);
				PRODUCT_BUNDLE_IDENTIFIER = com.younoah.Quiz;
				PRODUCT_NAME = "$(TARGET_NAME)";
				SWIFT_VERSION = 5.0;
				TARGETED_DEVICE_FAMILY = "1,2";
			};
			name = Release;
		};
		8D91E013251648F2007BD01A /* Debug */ = {
			isa = XCBuildConfiguration;
			buildSettings = {
				ALWAYS_EMBED_SWIFT_STANDARD_LIBRARIES = YES;
				BUNDLE_LOADER = "$(TEST_HOST)";
				CODE_SIGN_STYLE = Automatic;
				INFOPLIST_FILE = QuizTests/Info.plist;
				IPHONEOS_DEPLOYMENT_TARGET = 14.0;
				LD_RUNPATH_SEARCH_PATHS = (
					"$(inherited)",
					"@executable_path/Frameworks",
					"@loader_path/Frameworks",
				);
				PRODUCT_BUNDLE_IDENTIFIER = com.younoah.QuizTests;
				PRODUCT_NAME = "$(TARGET_NAME)";
				SWIFT_VERSION = 5.0;
				TARGETED_DEVICE_FAMILY = "1,2";
				TEST_HOST = "$(BUILT_PRODUCTS_DIR)/Quiz.app/Quiz";
			};
			name = Debug;
		};
		8D91E014251648F2007BD01A /* Release */ = {
			isa = XCBuildConfiguration;
			buildSettings = {
				ALWAYS_EMBED_SWIFT_STANDARD_LIBRARIES = YES;
				BUNDLE_LOADER = "$(TEST_HOST)";
				CODE_SIGN_STYLE = Automatic;
				INFOPLIST_FILE = QuizTests/Info.plist;
				IPHONEOS_DEPLOYMENT_TARGET = 14.0;
				LD_RUNPATH_SEARCH_PATHS = (
					"$(inherited)",
					"@executable_path/Frameworks",
					"@loader_path/Frameworks",
				);
				PRODUCT_BUNDLE_IDENTIFIER = com.younoah.QuizTests;
				PRODUCT_NAME = "$(TARGET_NAME)";
				SWIFT_VERSION = 5.0;
				TARGETED_DEVICE_FAMILY = "1,2";
				TEST_HOST = "$(BUILT_PRODUCTS_DIR)/Quiz.app/Quiz";
			};
			name = Release;
		};
		8D91E016251648F2007BD01A /* Debug */ = {
			isa = XCBuildConfiguration;
			buildSettings = {
				ALWAYS_EMBED_SWIFT_STANDARD_LIBRARIES = YES;
				CODE_SIGN_STYLE = Automatic;
				INFOPLIST_FILE = QuizUITests/Info.plist;
				LD_RUNPATH_SEARCH_PATHS = (
					"$(inherited)",
					"@executable_path/Frameworks",
					"@loader_path/Frameworks",
				);
				PRODUCT_BUNDLE_IDENTIFIER = com.younoah.QuizUITests;
				PRODUCT_NAME = "$(TARGET_NAME)";
				SWIFT_VERSION = 5.0;
				TARGETED_DEVICE_FAMILY = "1,2";
				TEST_TARGET_NAME = Quiz;
			};
			name = Debug;
		};
		8D91E017251648F2007BD01A /* Release */ = {
			isa = XCBuildConfiguration;
			buildSettings = {
				ALWAYS_EMBED_SWIFT_STANDARD_LIBRARIES = YES;
				CODE_SIGN_STYLE = Automatic;
				INFOPLIST_FILE = QuizUITests/Info.plist;
				LD_RUNPATH_SEARCH_PATHS = (
					"$(inherited)",
					"@executable_path/Frameworks",
					"@loader_path/Frameworks",
				);
				PRODUCT_BUNDLE_IDENTIFIER = com.younoah.QuizUITests;
				PRODUCT_NAME = "$(TARGET_NAME)";
				SWIFT_VERSION = 5.0;
				TARGETED_DEVICE_FAMILY = "1,2";
				TEST_TARGET_NAME = Quiz;
			};
			name = Release;
		};
/* End XCBuildConfiguration section */

/* Begin XCConfigurationList section */
		8D91DFE0251648EF007BD01A /* Build configuration list for PBXProject "Quiz" */ = {
			isa = XCConfigurationList;
			buildConfigurations = (
				8D91E00D251648F2007BD01A /* Debug */,
				8D91E00E251648F2007BD01A /* Release */,
			);
			defaultConfigurationIsVisible = 0;
			defaultConfigurationName = Release;
		};
		8D91E00F251648F2007BD01A /* Build configuration list for PBXNativeTarget "Quiz" */ = {
			isa = XCConfigurationList;
			buildConfigurations = (
				8D91E010251648F2007BD01A /* Debug */,
				8D91E011251648F2007BD01A /* Release */,
			);
			defaultConfigurationIsVisible = 0;
			defaultConfigurationName = Release;
		};
		8D91E012251648F2007BD01A /* Build configuration list for PBXNativeTarget "QuizTests" */ = {
			isa = XCConfigurationList;
			buildConfigurations = (
				8D91E013251648F2007BD01A /* Debug */,
				8D91E014251648F2007BD01A /* Release */,
			);
			defaultConfigurationIsVisible = 0;
			defaultConfigurationName = Release;
		};
		8D91E015251648F2007BD01A /* Build configuration list for PBXNativeTarget "QuizUITests" */ = {
			isa = XCConfigurationList;
			buildConfigurations = (
				8D91E016251648F2007BD01A /* Debug */,
				8D91E017251648F2007BD01A /* Release */,
			);
			defaultConfigurationIsVisible = 0;
			defaultConfigurationName = Release;
		};
/* End XCConfigurationList section */
	};
	rootObject = 8D91DFDD251648EF007BD01A /* Project object */;
}
